<?xml version="1.0" encoding="UTF-8" standalone="yes" ?>
<CodeBlocks_project_file>
	<FileVersion major="1" minor="6" />
	<Project>
		<Option title="ffvii_field_model_exporter_pc" />
		<Option pch_mode="2" />
		<Option compiler="gcc" />
		<Build>
			<Target title="Release">
				<Option output="bin/ffvii_field_model_exporter_pc" prefix_auto="1" extension_auto="1" />
				<Option working_dir="$(TARGET_OUTPUT_DIR)" />
				<Option object_output="obj/Release/" />
				<Option type="1" />
				<Option compiler="gcc" />
				<Compiler>
					<Add option="-O2" />
				</Compiler>
				<Linker>
					<Add option="-s" />
					<Add library="OgreMain" />
					<Add library="OIS" />
					<Add library="boost_system-mgw47-mt-1_54" />
					<Add library="boost_thread-mgw47-mt-1_54" />
				</Linker>
			</Target>
			<Target title="Test_PFileSerializer">
				<Option output="bin/test/test_PFileSerializer" prefix_auto="1" extension_auto="1" />
				<Option working_dir="$(TARGET_OUTPUT_DIR)" />
				<Option object_output="obj/Test/" />
				<Option type="1" />
				<Option compiler="gcc" />
				<Compiler>
					<Add option="-O2" />
					<Add option="-g" />
				</Compiler>
				<Linker>
					<Add option="-s" />
					<Add library="OgreMain_d" />
					<Add library="OIS_d" />
					<Add library="boost_system-mgw47-mt-d-1_54" />
					<Add library="boost_thread-mgw47-mt-d-1_54" />
					<Add library="boost_unit_test_framework-mgw47-mt-d-1_54" />
				</Linker>
			</Target>
			<Target title="Test_PFile">
				<Option output="bin/test/test_PFile" prefix_auto="1" extension_auto="1" />
				<Option working_dir="$(TARGET_OUTPUT_DIR)" />
				<Option object_output="obj/Test/" />
				<Option type="1" />
				<Option compiler="gcc" />
				<Compiler>
					<Add option="-O2" />
					<Add option="-g" />
				</Compiler>
				<Linker>
					<Add option="-s" />
					<Add library="OgreMain_d" />
					<Add library="OIS_d" />
					<Add library="boost_system-mgw47-mt-d-1_54" />
					<Add library="boost_thread-mgw47-mt-d-1_54" />
					<Add library="boost_unit_test_framework-mgw47-mt-d-1_54" />
				</Linker>
			</Target>
			<Target title="Test_HRCFileSerializer">
				<Option output="bin/test/test_HRCFileSerializer" prefix_auto="1" extension_auto="1" />
				<Option working_dir="$(TARGET_OUTPUT_DIR)" />
				<Option object_output="obj/Test/" />
				<Option type="1" />
				<Option compiler="gcc" />
				<Compiler>
					<Add option="-O2" />
					<Add option="-g" />
				</Compiler>
				<Linker>
					<Add option="-s" />
					<Add library="OgreMain_d" />
					<Add library="OIS_d" />
					<Add library="boost_system-mgw47-mt-d-1_54" />
					<Add library="boost_thread-mgw47-mt-d-1_54" />
					<Add library="boost_unit_test_framework-mgw47-mt-d-1_54" />
				</Linker>
			</Target>
			<Target title="Test_AFileSerializer">
				<Option output="bin/test/test_AFileSerializer" prefix_auto="1" extension_auto="1" />
				<Option working_dir="$(TARGET_OUTPUT_DIR)" />
				<Option object_output="obj/Test/" />
				<Option type="1" />
				<Option compiler="gcc" />
				<Compiler>
					<Add option="-O2" />
					<Add option="-g" />
				</Compiler>
				<Linker>
					<Add option="-s" />
					<Add library="OgreMain_d" />
					<Add library="OIS_d" />
					<Add library="boost_system-mgw47-mt-d-1_54" />
					<Add library="boost_thread-mgw47-mt-d-1_54" />
					<Add library="boost_unit_test_framework-mgw47-mt-d-1_54" />
				</Linker>
			</Target>
			<Target title="Test_ManualObject">
				<Option output="bin/test/test_ManualObject" prefix_auto="1" extension_auto="1" />
				<Option working_dir="$(TARGET_OUTPUT_DIR)" />
				<Option object_output="obj/Test/" />
				<Option type="1" />
				<Option compiler="gcc" />
				<Compiler>
					<Add option="-O2" />
					<Add option="-g" />
				</Compiler>
				<Linker>
					<Add option="-s" />
					<Add library="OgreMain_d" />
					<Add library="OIS_d" />
					<Add library="boost_system-mgw47-mt-d-1_54" />
					<Add library="boost_thread-mgw47-mt-d-1_54" />
					<Add library="boost_unit_test_framework-mgw47-mt-d-1_54" />
				</Linker>
			</Target>
			<Target title="Test_RSDFileSerializer">
				<Option output="bin/test/test_RSDFileSerializer" prefix_auto="1" extension_auto="1" />
				<Option working_dir="$(TARGET_OUTPUT_DIR)" />
				<Option object_output="obj/Test/" />
				<Option type="1" />
				<Option compiler="gcc" />
				<Compiler>
					<Add option="-O2" />
					<Add option="-g" />
				</Compiler>
				<Linker>
					<Add option="-s" />
					<Add library="OgreMain_d" />
					<Add library="OIS_d" />
					<Add library="boost_system-mgw47-mt-d-1_54" />
					<Add library="boost_thread-mgw47-mt-d-1_54" />
					<Add library="boost_unit_test_framework-mgw47-mt-d-1_54" />
				</Linker>
			</Target>
		</Build>
		<Compiler>
			<Add option="-Wall" />
			<Add option="-fexceptions" />
			<Add option="-DBOOST_ALL_DYN_LINK" />
			<Add directory="$(BOOST_HOME)" />
			<Add directory="$(OGRE_HOME)/include/OGRE" />
			<Add directory="$(OGRE_HOME)/include/OIS" />
			<Add directory="../" />
			<Add directory="include" />
		</Compiler>
		<Linker>
			<Add directory="$(BOOST_HOME)/stage/lib" />
			<Add directory="$(OGRE_HOME)/lib" />
			<Add directory="$(OGRE_HOME)/lib/opt" />
		</Linker>
		<Unit filename="../common/FileSystem.cpp" />
		<Unit filename="../common/FileSystem.h" />
		<Unit filename="../common/Logger.cpp" />
		<Unit filename="../common/Logger.h" />
		<Unit filename="../common/OgreBase.cpp" />
		<Unit filename="../common/OgreBase.h" />
		<Unit filename="../common/TypeDefine.cpp" />
		<Unit filename="../common/TypeDefine.h" />
		<Unit filename="include/FFVIICharacter.h" />
		<Unit filename="include/QGearsAFile.h" />
		<Unit filename="include/QGearsAFileSerializer.h" />
		<Unit filename="include/QGearsHRCFile.h" />
		<Unit filename="include/QGearsHRCFileManager.h" />
		<Unit filename="include/QGearsHRCFileSerializer.h" />
		<Unit filename="include/QGearsHRCMeshLoader.h" />
		<Unit filename="include/QGearsHRCSkeletonLoader.h" />
		<Unit filename="include/QGearsManualObject.h" />
		<Unit filename="include/QGearsPFile.h" />
		<Unit filename="include/QGearsPFileManager.h" />
		<Unit filename="include/QGearsPFileSerializer.h" />
		<Unit filename="include/QGearsRSDFile.h" />
		<Unit filename="include/QGearsRSDFileManager.h" />
		<Unit filename="include/QGearsRSDFileSerializer.h" />
		<Unit filename="include/QGearsSerializer.h" />
		<Unit filename="include/QGearsStringUtil.h" />
		<Unit filename="src/FFVIICharacter.cpp" />
		<Unit filename="src/QGearsAFile.cpp" />
		<Unit filename="src/QGearsAFileSerializer.cpp" />
		<Unit filename="src/QGearsHRCFile.cpp" />
		<Unit filename="src/QGearsHRCFileManager.cpp" />
		<Unit filename="src/QGearsHRCFileSerializer.cpp" />
		<Unit filename="src/QGearsHRCMeshLoader.cpp" />
		<Unit filename="src/QGearsHRCSkeletonLoader.cpp" />
		<Unit filename="src/QGearsManualObject.cpp" />
		<Unit filename="src/QGearsPFile.cpp" />
		<Unit filename="src/QGearsPFileManager.cpp" />
		<Unit filename="src/QGearsPFileSerializer.cpp" />
		<Unit filename="src/QGearsRSDFile.cpp" />
		<Unit filename="src/QGearsRSDFileManager.cpp" />
		<Unit filename="src/QGearsRSDFileSerializer.cpp" />
		<Unit filename="src/QGearsSerializer.cpp" />
		<Unit filename="src/QGearsStringUtil.cpp" />
		<Unit filename="src/main.cpp">
			<Option target="Release" />
		</Unit>
		<Unit filename="test/test_QGearsAFileSerializer.cpp">
			<Option target="Test_AFileSerializer" />
		</Unit>
		<Unit filename="test/test_QGearsHRCSerializer.cpp">
			<Option target="Test_HRCFileSerializer" />
		</Unit>
		<Unit filename="test/test_QGearsManualObject.cpp">
			<Option target="Test_ManualObject" />
		</Unit>
		<Unit filename="test/test_QGearsPFile.cpp">
			<Option target="Test_PFile" />
		</Unit>
		<Unit filename="test/test_QGearsPFileSerializer.cpp">
			<Option target="Test_PFileSerializer" />
		</Unit>
		<Unit filename="test/test_QGearsRSDSerializer.cpp">
			<Option target="Test_RSDFileSerializer" />
		</Unit>
		<Extensions>
			<code_completion />
			<envvars />
			<debugger />
			<lib_finder disable_auto="1" />
			<DoxyBlocks>
				<comment_style block="0" line="0" />
				<doxyfile_project />
				<doxyfile_build />
				<doxyfile_warnings />
				<doxyfile_output />
				<doxyfile_dot />
				<general />
			</DoxyBlocks>
		</Extensions>
	</Project>
</CodeBlocks_project_file>
