<?xml version="1.0" encoding="UTF-8" standalone="yes" ?>
<CodeBlocks_project_file>
	<FileVersion major="1" minor="6" />
	<Project>
		<Option title="xeno_walkmesh_exporter" />
		<Option pch_mode="0" />
		<Option compiler="gcc" />
		<Build>
			<Target title="Release">
				<Option output="output/xeno_walkmesh_exporter.exe" prefix_auto="0" extension_auto="0" />
				<Option working_dir="output" />
				<Option object_output="compile" />
				<Option type="1" />
				<Option compiler="gcc" />
				<Option projectResourceIncludeDirsRelation="1" />
				<Compiler>
					<Add option="-O3" />
					<Add option="-DNDEBUG" />
				</Compiler>
				<Linker>
					<Add library="mingw32" />
					<Add library="opengl32" />
					<Add library="glu32" />
					<Add library="zlib" />
					<Add library="output\libxml2.dll" />
					<Add library="OgreMain" />
					<Add library="ois" />
				</Linker>
			</Target>
		</Build>
		<Compiler>
			<Add directory="$(BOOST_INCLUDE_DIR)" />
			<Add directory="$(OGRE_HOME)/include/OGRE" />
			<Add directory="$(OGRE_HOME)/include/OIS" />
		</Compiler>
		<Linker>
			<Add option="-Wl,--enable-runtime-pseudo-reloc" />
			<Add directory="$(BOOST_LIB_DIR)" />
			<Add directory="$(OGRE_HOME)/lib/" />
			<Add directory="$(OGRE_HOME)/lib/opt" />
			<Add directory="$(OGRE_HOME)/lib/release/opt" />
			<Add directory="$(OGRE_HOME)/lib/debug/opt" />
		</Linker>
		<Unit filename="src/Define.h" />
		<Unit filename="src/Main.cpp" />
		<Unit filename="src/Main.h" />
		<Unit filename="src/common/TypeDefine.h" />
		<Unit filename="src/common/display/3dTypes.h" />
		<Unit filename="src/common/display/actor/Actor.cpp" />
		<Unit filename="src/common/display/actor/Actor.h" />
		<Unit filename="src/common/display/math/Box.h" />
		<Unit filename="src/common/display/math/Matrix.cpp" />
		<Unit filename="src/common/display/math/Matrix.h" />
		<Unit filename="src/common/display/math/MatrixMath.cpp" />
		<Unit filename="src/common/display/math/MatrixMath.h" />
		<Unit filename="src/common/display/math/Vector.h" />
		<Unit filename="src/common/display/math/VectorMath.cpp" />
		<Unit filename="src/common/display/math/VectorMath.h" />
		<Unit filename="src/common/display/surface/Surface.cpp" />
		<Unit filename="src/common/display/surface/Surface.h" />
		<Unit filename="src/common/display/surface/SurfaceLoad.cpp" />
		<Unit filename="src/common/display/surface/SurfaceLoad.h" />
		<Unit filename="src/common/display/surface/SurfaceLoadBmp.cpp" />
		<Unit filename="src/common/display/surface/SurfaceLoadBmp.h" />
		<Unit filename="src/common/display/surface/SurfaceSaveBmp.cpp" />
		<Unit filename="src/common/display/surface/SurfaceSaveBmp.h" />
		<Unit filename="src/common/filesystem/FileSystem.cpp" />
		<Unit filename="src/common/filesystem/FileSystem.h" />
		<Unit filename="src/common/filesystem/GameFileSystem.cpp" />
		<Unit filename="src/common/filesystem/GameFileSystem.h" />
		<Unit filename="src/common/filesystem/RealFileSystem.cpp" />
		<Unit filename="src/common/filesystem/RealFileSystem.h" />
		<Unit filename="src/common/filesystem/XmlFile.cpp" />
		<Unit filename="src/common/filesystem/XmlFile.h" />
		<Unit filename="src/common/filesystem/driver/FileDriver.cpp" />
		<Unit filename="src/common/filesystem/driver/FileDriver.h" />
		<Unit filename="src/common/filesystem/driver/NullFileDriver.cpp" />
		<Unit filename="src/common/filesystem/driver/NullFileDriver.h" />
		<Unit filename="src/common/filesystem/driver/RealFileDriver.cpp" />
		<Unit filename="src/common/filesystem/driver/RealFileDriver.h" />
		<Unit filename="src/common/utilites/Logger.cpp" />
		<Unit filename="src/common/utilites/Logger.h" />
		<Unit filename="src/common/utilites/NoCopy.h" />
		<Unit filename="src/common/utilites/StdString.h" />
		<Unit filename="src/common/utilites/Utilites.cpp" />
		<Unit filename="src/common/utilites/Utilites.h" />
		<Unit filename="src/core/input/InputFilter.cpp" />
		<Unit filename="src/core/input/InputFilter.h" />
		<Unit filename="src/core/ui/MovableTextArea.cpp" />
		<Unit filename="src/core/ui/MovableTextArea.h" />
		<Unit filename="src/game/field/Walkmesh.cpp" />
		<Unit filename="src/game/field/Walkmesh.h" />
		<Unit filename="src/game/field/WalkmeshFile.cpp" />
		<Unit filename="src/game/field/WalkmeshFile.h" />
		<Unit filename="src/game/filesystem/File.cpp" />
		<Unit filename="src/game/filesystem/File.h" />
		<Unit filename="src/game/filesystem/FileStream.h" />
		<Unit filename="src/game/filetypes/BinGZipFile.cpp" />
		<Unit filename="src/game/filetypes/BinGZipFile.h" />
		<Unit filename="src/game/filetypes/FontFile.cpp" />
		<Unit filename="src/game/filetypes/FontFile.h" />
		<Unit filename="src/game/filetypes/LzsFile.cpp" />
		<Unit filename="src/game/filetypes/LzsFile.h" />
		<Unit filename="src/game/filetypes/TimFile.cpp" />
		<Unit filename="src/game/filetypes/TimFile.h" />
		<Unit filename="src/game/filetypes/image/Vram.cpp" />
		<Unit filename="src/game/filetypes/image/Vram.h" />
		<Extensions>
			<code_completion />
			<envvars />
			<debugger />
		</Extensions>
	</Project>
</CodeBlocks_project_file>
