<?xml version="1.0" encoding="UTF-8" standalone="yes" ?>
<CodeBlocks_project_file>
	<FileVersion major="1" minor="6" />
	<Project>
		<Option title="q-gears" />
		<Option pch_mode="2" />
		<Option compiler="gcc" />
		<Build>
			<Target title="Release">
				<Option output="../output/q-gears" prefix_auto="1" extension_auto="1" />
				<Option working_dir="$(TARGET_OUTPUT_DIR)" />
				<Option object_output="obj/Release" />
				<Option type="0" />
				<Option compiler="gcc" />
				<Compiler>
					<Add option="-O2" />
					<Add option="-DNDEBUG" />
				</Compiler>
				<Linker>
					<Add option="-s" />
					<Add library="OgreMain" />
					<Add library="ois" />
					<Add library="boost_system-mt" />
					<Add library="boost_thread-mt" />
					<Add library="boost_chrono-mt" />
					<Add library="boost_date_time-mt" />
				</Linker>
			</Target>
			<Target title="Debug">
				<Option output="../output/q-gears_d" prefix_auto="1" extension_auto="1" />
				<Option working_dir="$(TARGET_OUTPUT_DIR)" />
				<Option object_output="obj/Debug" />
				<Option type="1" />
				<Option compiler="gcc" />
				<Compiler>
					<Add option="-g" />
					<Add option="-D_DEBUG" />
				</Compiler>
				<Linker>
					<Add library="OgreMain_d" />
					<Add library="ois_d" />
					<Add library="boost_system-mt-d" />
					<Add library="boost_thread-mt-d" />
					<Add library="boost_chrono-mt-d" />
					<Add library="boost_date_time-mt-d" />
				</Linker>
			</Target>
			<Target title="Test_Background2DFileSerializer">
				<Option output="bin/test/test_Background2DFileSerializer" prefix_auto="1" extension_auto="1" />
				<Option working_dir="$(TARGET_OUTPUT_DIR)" />
				<Option object_output="obj/Test/standalone" />
				<Option type="1" />
				<Option compiler="gcc" />
				<Compiler>
					<Add option="-g" />
					<Add option="-DBOOST_ALL_DYN_LINK" />
					<Add option='-DBOOST_TEST_MODULE=&quot;standalone&quot;' />
				</Compiler>
				<Linker>
					<Add library="OgreMain_d" />
					<Add library="ois_d" />
					<Add library="boost_system-mt-d" />
					<Add library="boost_thread-mt-d" />
					<Add library="boost_chrono-mt-d" />
					<Add library="boost_date_time-mt-d" />
					<Add library="boost_unit_test_framework-mt-d" />
				</Linker>
			</Target>
			<Target title="Test_all">
				<Option output="bin/test/test_all" prefix_auto="1" extension_auto="1" />
				<Option working_dir="$(TARGET_OUTPUT_DIR)" />
				<Option object_output="obj/Test/all" />
				<Option type="1" />
				<Option compiler="gcc" />
				<Compiler>
					<Add option="-g" />
				</Compiler>
				<Linker>
					<Add library="OgreMain_d" />
					<Add library="ois_d" />
					<Add library="boost_system-mt-d" />
					<Add library="boost_thread-mt-d" />
					<Add library="boost_chrono-mt-d" />
					<Add library="boost_date_time-mt-d" />
					<Add library="boost_unit_test_framework-mt-d" />
				</Linker>
			</Target>
			<Target title="Test_Background2D">
				<Option output="bin/test/test_Background2D" prefix_auto="1" extension_auto="1" />
				<Option working_dir="$(TARGET_OUTPUT_DIR)" />
				<Option object_output="obj/Test/standalone" />
				<Option type="1" />
				<Option compiler="gcc" />
				<Compiler>
					<Add option="-g" />
					<Add option="-DBOOST_ALL_DYN_LINK" />
					<Add option='-DBOOST_TEST_MODULE=&quot;standalone&quot;' />
				</Compiler>
				<Linker>
					<Add library="OgreMain_d" />
					<Add library="ois_d" />
					<Add library="boost_system-mt-d" />
					<Add library="boost_thread-mt-d" />
					<Add library="boost_chrono-mt-d" />
					<Add library="boost_date_time-mt-d" />
					<Add library="boost_unit_test_framework-mt-d" />
				</Linker>
			</Target>
		</Build>
		<Compiler>
			<Add option="-W" />
			<Add option="-mthreads" />
			<Add option="-fmessage-length=0" />
			<Add option="-fexceptions" />
			<Add option="-fident" />
			<Add option="-DWIN32" />
			<Add option="-D__WIN32__" />
			<Add option="-D_WINDOWS" />
			<Add option="-DTIXML_USE_STL" />
			<Add directory="$(BOOST_INCLUDE_DIR)" />
			<Add directory="$(OGRE_HOME)/include/OGRE" />
			<Add directory="$(OGRE_HOME)/include/OIS" />
			<Add directory="src/core/library" />
			<Add directory="src/core/library/tinyxml" />
			<Add directory="include" />
			<Add directory="src" />
		</Compiler>
		<Linker>
			<Add option="-Wl,--enable-runtime-pseudo-reloc" />
			<Add option="-Wl,--enable-auto-image-base" />
			<Add option="-Wl,--add-stdcall-alias" />
			<Add directory="$(MINGW_HOME)/lib" />
			<Add directory="$(BOOST_LIB_DIR)" />
			<Add directory="$(OGRE_HOME)/lib/" />
			<Add directory="$(OGRE_HOME)/lib/opt" />
			<Add directory="$(OGRE_HOME)/lib/release" />
			<Add directory="$(OGRE_HOME)/lib/release/opt" />
			<Add directory="$(OGRE_HOME)/lib/debug" />
			<Add directory="$(OGRE_HOME)/lib/debug/opt" />
		</Linker>
		<Unit filename="include/QGearsGameState.h">
			<Option target="Release" />
			<Option target="Debug" />
		</Unit>
		<Unit filename="include/common/QGearsResource.h" />
		<Unit filename="include/common/QGearsStringUtil.h" />
		<Unit filename="include/common/TypeDefine.h" />
		<Unit filename="include/data/QGearsAFileSerializer.h" />
		<Unit filename="include/data/QGearsBackgroundFile.h" />
		<Unit filename="include/data/QGearsBackgroundFileManager.h" />
		<Unit filename="include/data/QGearsBackgroundFileSerializer.h" />
		<Unit filename="include/data/QGearsFLevelBackground2DLoader.h" />
		<Unit filename="include/data/QGearsFLevelFile.h" />
		<Unit filename="include/data/QGearsFLevelFileManager.h" />
		<Unit filename="include/data/QGearsFLevelFileSerializer.h" />
		<Unit filename="include/data/QGearsFLevelTextureLoader.h" />
		<Unit filename="include/data/QGearsHRCFile.h" />
		<Unit filename="include/data/QGearsHRCFileManager.h" />
		<Unit filename="include/data/QGearsHRCFileSerializer.h" />
		<Unit filename="include/data/QGearsHRCMeshLoader.h" />
		<Unit filename="include/data/QGearsHRCSkeletonLoader.h" />
		<Unit filename="include/data/QGearsLZSDataStream.h" />
		<Unit filename="include/data/QGearsLZSFLevelFile.h" />
		<Unit filename="include/data/QGearsLZSFLevelFileManager.h" />
		<Unit filename="include/data/QGearsPFile.h" />
		<Unit filename="include/data/QGearsPFileManager.h" />
		<Unit filename="include/data/QGearsPFileSerializer.h" />
		<Unit filename="include/data/QGearsPaletteFile.h" />
		<Unit filename="include/data/QGearsPaletteFileManager.h" />
		<Unit filename="include/data/QGearsPaletteFileSerializer.h" />
		<Unit filename="include/data/QGearsRSDFile.h" />
		<Unit filename="include/data/QGearsRSDFileManager.h" />
		<Unit filename="include/data/QGearsRSDFileSerializer.h" />
		<Unit filename="include/data/QGearsSerializer.h" />
		<Unit filename="include/data/QGearsTexCodec.h" />
		<Unit filename="include/data/QGearsTexFile.h" />
		<Unit filename="include/data/QGearsXMLSerializer.h" />
		<Unit filename="include/map/QGearsBackground2DFile.h" />
		<Unit filename="include/map/QGearsBackground2DFileManager.h" />
		<Unit filename="include/map/QGearsBackground2DFileXMLSerializer.h" />
		<Unit filename="include/map/QGearsTile.h" />
		<Unit filename="src/Main.cpp">
			<Option target="Release" />
			<Option target="Debug" />
		</Unit>
		<Unit filename="src/QGearsGameState.cpp" />
		<Unit filename="src/common/QGearsManualObject.cpp" />
		<Unit filename="src/common/QGearsResource.cpp" />
		<Unit filename="src/common/QGearsStringUtil.cpp" />
		<Unit filename="src/common/TypeDefine.cpp" />
		<Unit filename="src/core/Assert.h">
			<Option target="Release" />
			<Option target="Debug" />
			<Option target="Test_Background2D" />
		</Unit>
		<Unit filename="src/core/Background2D.cpp">
			<Option target="Release" />
			<Option target="Debug" />
			<Option target="Test_Background2D" />
		</Unit>
		<Unit filename="src/core/Background2D.h" />
		<Unit filename="src/core/Background2DAnimation.cpp">
			<Option target="Release" />
			<Option target="Debug" />
			<Option target="Test_Background2D" />
		</Unit>
		<Unit filename="src/core/Background2DAnimation.h">
			<Option target="Release" />
			<Option target="Debug" />
			<Option target="Test_Background2D" />
		</Unit>
		<Unit filename="src/core/CameraManager.cpp">
			<Option target="Release" />
			<Option target="Debug" />
			<Option target="Test_Background2D" />
		</Unit>
		<Unit filename="src/core/CameraManager.h">
			<Option target="Release" />
			<Option target="Debug" />
			<Option target="Test_Background2D" />
		</Unit>
		<Unit filename="src/core/ConfigCmd.cpp">
			<Option target="Release" />
			<Option target="Debug" />
			<Option target="Test_Background2D" />
		</Unit>
		<Unit filename="src/core/ConfigCmd.h">
			<Option target="Release" />
			<Option target="Debug" />
			<Option target="Test_Background2D" />
		</Unit>
		<Unit filename="src/core/ConfigCmdManager.cpp">
			<Option target="Release" />
			<Option target="Debug" />
			<Option target="Test_Background2D" />
		</Unit>
		<Unit filename="src/core/ConfigCmdManager.h">
			<Option target="Release" />
			<Option target="Debug" />
			<Option target="Test_Background2D" />
		</Unit>
		<Unit filename="src/core/ConfigCmdManagerCommands.h">
			<Option target="Release" />
			<Option target="Debug" />
			<Option target="Test_Background2D" />
		</Unit>
		<Unit filename="src/core/ConfigFile.cpp">
			<Option target="Release" />
			<Option target="Debug" />
			<Option target="Test_Background2D" />
		</Unit>
		<Unit filename="src/core/ConfigFile.h">
			<Option target="Release" />
			<Option target="Debug" />
			<Option target="Test_Background2D" />
		</Unit>
		<Unit filename="src/core/ConfigVar.cpp">
			<Option target="Release" />
			<Option target="Debug" />
			<Option target="Test_Background2D" />
		</Unit>
		<Unit filename="src/core/ConfigVar.h">
			<Option target="Release" />
			<Option target="Debug" />
			<Option target="Test_Background2D" />
		</Unit>
		<Unit filename="src/core/ConfigVarManager.cpp">
			<Option target="Release" />
			<Option target="Debug" />
			<Option target="Test_Background2D" />
		</Unit>
		<Unit filename="src/core/ConfigVarManager.h">
			<Option target="Release" />
			<Option target="Debug" />
			<Option target="Test_Background2D" />
		</Unit>
		<Unit filename="src/core/Console.cpp">
			<Option target="Release" />
			<Option target="Debug" />
			<Option target="Test_Background2D" />
		</Unit>
		<Unit filename="src/core/Console.h">
			<Option target="Release" />
			<Option target="Debug" />
			<Option target="Test_Background2D" />
		</Unit>
		<Unit filename="src/core/DebugDraw.cpp">
			<Option target="Release" />
			<Option target="Debug" />
			<Option target="Test_Background2D" />
		</Unit>
		<Unit filename="src/core/DebugDraw.h">
			<Option target="Release" />
			<Option target="Debug" />
			<Option target="Test_Background2D" />
		</Unit>
		<Unit filename="src/core/Entity.cpp">
			<Option target="Release" />
			<Option target="Debug" />
			<Option target="Test_Background2D" />
		</Unit>
		<Unit filename="src/core/Entity.h">
			<Option target="Release" />
			<Option target="Debug" />
			<Option target="Test_Background2D" />
		</Unit>
		<Unit filename="src/core/EntityCollision.cpp">
			<Option target="Release" />
			<Option target="Debug" />
			<Option target="Test_Background2D" />
		</Unit>
		<Unit filename="src/core/EntityCollision.h">
			<Option target="Release" />
			<Option target="Debug" />
			<Option target="Test_Background2D" />
		</Unit>
		<Unit filename="src/core/EntityDirection.cpp">
			<Option target="Release" />
			<Option target="Debug" />
			<Option target="Test_Background2D" />
		</Unit>
		<Unit filename="src/core/EntityDirection.h">
			<Option target="Release" />
			<Option target="Debug" />
			<Option target="Test_Background2D" />
		</Unit>
		<Unit filename="src/core/EntityManager.cpp">
			<Option target="Release" />
			<Option target="Debug" />
			<Option target="Test_Background2D" />
		</Unit>
		<Unit filename="src/core/EntityManager.h">
			<Option target="Release" />
			<Option target="Debug" />
			<Option target="Test_Background2D" />
		</Unit>
		<Unit filename="src/core/EntityModel.cpp">
			<Option target="Release" />
			<Option target="Debug" />
			<Option target="Test_Background2D" />
		</Unit>
		<Unit filename="src/core/EntityModel.h">
			<Option target="Release" />
			<Option target="Debug" />
			<Option target="Test_Background2D" />
		</Unit>
		<Unit filename="src/core/EntityPoint.cpp">
			<Option target="Release" />
			<Option target="Debug" />
			<Option target="Test_Background2D" />
		</Unit>
		<Unit filename="src/core/EntityPoint.h">
			<Option target="Release" />
			<Option target="Debug" />
			<Option target="Test_Background2D" />
		</Unit>
		<Unit filename="src/core/EntityTrigger.cpp">
			<Option target="Release" />
			<Option target="Debug" />
			<Option target="Test_Background2D" />
		</Unit>
		<Unit filename="src/core/EntityTrigger.h">
			<Option target="Release" />
			<Option target="Debug" />
			<Option target="Test_Background2D" />
		</Unit>
		<Unit filename="src/core/Event.h">
			<Option target="Release" />
			<Option target="Debug" />
			<Option target="Test_Background2D" />
		</Unit>
		<Unit filename="src/core/GameFrameListner.cpp">
			<Option target="Release" />
			<Option target="Debug" />
			<Option target="Test_Background2D" />
		</Unit>
		<Unit filename="src/core/GameFrameListner.h">
			<Option target="Release" />
			<Option target="Debug" />
			<Option target="Test_Background2D" />
		</Unit>
		<Unit filename="src/core/InputManager.cpp">
			<Option target="Release" />
			<Option target="Debug" />
			<Option target="Test_Background2D" />
		</Unit>
		<Unit filename="src/core/InputManager.h">
			<Option target="Release" />
			<Option target="Debug" />
			<Option target="Test_Background2D" />
		</Unit>
		<Unit filename="src/core/InputManagerCommands.h">
			<Option target="Release" />
			<Option target="Debug" />
			<Option target="Test_Background2D" />
		</Unit>
		<Unit filename="src/core/Logger.h">
			<Option target="Release" />
			<Option target="Debug" />
			<Option target="Test_Background2D" />
		</Unit>
		<Unit filename="src/core/Module.h">
			<Option target="Release" />
			<Option target="Debug" />
			<Option target="Test_Background2D" />
		</Unit>
		<Unit filename="src/core/ScriptManager.cpp">
			<Option target="Release" />
			<Option target="Debug" />
			<Option target="Test_Background2D" />
		</Unit>
		<Unit filename="src/core/ScriptManager.h">
			<Option target="Release" />
			<Option target="Debug" />
			<Option target="Test_Background2D" />
		</Unit>
		<Unit filename="src/core/ScriptManagerBinds.h">
			<Option target="Release" />
			<Option target="Debug" />
			<Option target="Test_Background2D" />
		</Unit>
		<Unit filename="src/core/ScriptManagerCommands.h">
			<Option target="Release" />
			<Option target="Debug" />
			<Option target="Test_Background2D" />
		</Unit>
		<Unit filename="src/core/Timer.cpp">
			<Option target="Release" />
			<Option target="Debug" />
			<Option target="Test_Background2D" />
		</Unit>
		<Unit filename="src/core/Timer.h">
			<Option target="Release" />
			<Option target="Debug" />
			<Option target="Test_Background2D" />
		</Unit>
		<Unit filename="src/core/UiAnimation.cpp">
			<Option target="Release" />
			<Option target="Debug" />
			<Option target="Test_Background2D" />
		</Unit>
		<Unit filename="src/core/UiAnimation.h">
			<Option target="Release" />
			<Option target="Debug" />
			<Option target="Test_Background2D" />
		</Unit>
		<Unit filename="src/core/UiFont.cpp">
			<Option target="Release" />
			<Option target="Debug" />
			<Option target="Test_Background2D" />
		</Unit>
		<Unit filename="src/core/UiFont.h">
			<Option target="Release" />
			<Option target="Debug" />
			<Option target="Test_Background2D" />
		</Unit>
		<Unit filename="src/core/UiManager.cpp">
			<Option target="Release" />
			<Option target="Debug" />
			<Option target="Test_Background2D" />
		</Unit>
		<Unit filename="src/core/UiManager.h">
			<Option target="Release" />
			<Option target="Debug" />
			<Option target="Test_Background2D" />
		</Unit>
		<Unit filename="src/core/UiSprite.cpp">
			<Option target="Release" />
			<Option target="Debug" />
			<Option target="Test_Background2D" />
		</Unit>
		<Unit filename="src/core/UiSprite.h">
			<Option target="Release" />
			<Option target="Debug" />
			<Option target="Test_Background2D" />
		</Unit>
		<Unit filename="src/core/UiTextArea.cpp">
			<Option target="Release" />
			<Option target="Debug" />
			<Option target="Test_Background2D" />
		</Unit>
		<Unit filename="src/core/UiTextArea.h">
			<Option target="Release" />
			<Option target="Debug" />
			<Option target="Test_Background2D" />
		</Unit>
		<Unit filename="src/core/UiWidget.cpp">
			<Option target="Release" />
			<Option target="Debug" />
			<Option target="Test_Background2D" />
		</Unit>
		<Unit filename="src/core/UiWidget.h">
			<Option target="Release" />
			<Option target="Debug" />
			<Option target="Test_Background2D" />
		</Unit>
		<Unit filename="src/core/Utilites.cpp">
			<Option target="Release" />
			<Option target="Debug" />
			<Option target="Test_Background2D" />
		</Unit>
		<Unit filename="src/core/Utilites.h">
			<Option target="Release" />
			<Option target="Debug" />
			<Option target="Test_Background2D" />
		</Unit>
		<Unit filename="src/core/Walkmesh.cpp">
			<Option target="Release" />
			<Option target="Debug" />
			<Option target="Test_Background2D" />
		</Unit>
		<Unit filename="src/core/Walkmesh.h">
			<Option target="Release" />
			<Option target="Debug" />
			<Option target="Test_Background2D" />
		</Unit>
		<Unit filename="src/core/XmlBackground2DFile.cpp">
			<Option target="Release" />
			<Option target="Debug" />
			<Option target="Test_Background2D" />
		</Unit>
		<Unit filename="src/core/XmlBackground2DFile.h">
			<Option target="Release" />
			<Option target="Debug" />
			<Option target="Test_Background2D" />
		</Unit>
		<Unit filename="src/core/XmlFile.cpp">
			<Option target="Release" />
			<Option target="Debug" />
			<Option target="Test_Background2D" />
		</Unit>
		<Unit filename="src/core/XmlFile.h">
			<Option target="Release" />
			<Option target="Debug" />
			<Option target="Test_Background2D" />
		</Unit>
		<Unit filename="src/core/XmlFontFile.cpp">
			<Option target="Release" />
			<Option target="Debug" />
			<Option target="Test_Background2D" />
		</Unit>
		<Unit filename="src/core/XmlFontFile.h">
			<Option target="Release" />
			<Option target="Debug" />
			<Option target="Test_Background2D" />
		</Unit>
		<Unit filename="src/core/XmlFontsFile.cpp">
			<Option target="Release" />
			<Option target="Debug" />
			<Option target="Test_Background2D" />
		</Unit>
		<Unit filename="src/core/XmlFontsFile.h">
			<Option target="Release" />
			<Option target="Debug" />
			<Option target="Test_Background2D" />
		</Unit>
		<Unit filename="src/core/XmlMapFile.cpp">
			<Option target="Release" />
			<Option target="Debug" />
			<Option target="Test_Background2D" />
		</Unit>
		<Unit filename="src/core/XmlMapFile.h">
			<Option target="Release" />
			<Option target="Debug" />
			<Option target="Test_Background2D" />
		</Unit>
		<Unit filename="src/core/XmlMapsFile.cpp">
			<Option target="Release" />
			<Option target="Debug" />
			<Option target="Test_Background2D" />
		</Unit>
		<Unit filename="src/core/XmlMapsFile.h">
			<Option target="Release" />
			<Option target="Debug" />
			<Option target="Test_Background2D" />
		</Unit>
		<Unit filename="src/core/XmlPrototypesFile.cpp">
			<Option target="Release" />
			<Option target="Debug" />
			<Option target="Test_Background2D" />
		</Unit>
		<Unit filename="src/core/XmlPrototypesFile.h">
			<Option target="Release" />
			<Option target="Debug" />
			<Option target="Test_Background2D" />
		</Unit>
		<Unit filename="src/core/XmlScreenFile.cpp">
			<Option target="Release" />
			<Option target="Debug" />
			<Option target="Test_Background2D" />
		</Unit>
		<Unit filename="src/core/XmlScreenFile.h">
			<Option target="Release" />
			<Option target="Debug" />
			<Option target="Test_Background2D" />
		</Unit>
		<Unit filename="src/core/XmlScreensFile.cpp">
			<Option target="Release" />
			<Option target="Debug" />
			<Option target="Test_Background2D" />
		</Unit>
		<Unit filename="src/core/XmlScreensFile.h">
			<Option target="Release" />
			<Option target="Debug" />
			<Option target="Test_Background2D" />
		</Unit>
		<Unit filename="src/core/XmlScriptsFile.cpp">
			<Option target="Release" />
			<Option target="Debug" />
			<Option target="Test_Background2D" />
		</Unit>
		<Unit filename="src/core/XmlScriptsFile.h">
			<Option target="Release" />
			<Option target="Debug" />
			<Option target="Test_Background2D" />
		</Unit>
		<Unit filename="src/core/XmlTextFile.cpp">
			<Option target="Release" />
			<Option target="Debug" />
			<Option target="Test_Background2D" />
		</Unit>
		<Unit filename="src/core/XmlTextFile.h">
			<Option target="Release" />
			<Option target="Debug" />
			<Option target="Test_Background2D" />
		</Unit>
		<Unit filename="src/core/XmlTextsFile.cpp">
			<Option target="Release" />
			<Option target="Debug" />
			<Option target="Test_Background2D" />
		</Unit>
		<Unit filename="src/core/XmlTextsFile.h">
			<Option target="Release" />
			<Option target="Debug" />
			<Option target="Test_Background2D" />
		</Unit>
		<Unit filename="src/core/XmlWalkmeshFile.cpp">
			<Option target="Release" />
			<Option target="Debug" />
			<Option target="Test_Background2D" />
		</Unit>
		<Unit filename="src/core/XmlWalkmeshFile.h">
			<Option target="Release" />
			<Option target="Debug" />
			<Option target="Test_Background2D" />
		</Unit>
		<Unit filename="src/core/library/lua/lapi.c">
			<Option compilerVar="CC" />
			<Option target="Release" />
			<Option target="Debug" />
			<Option target="Test_Background2D" />
		</Unit>
		<Unit filename="src/core/library/lua/lapi.h">
			<Option target="Release" />
			<Option target="Debug" />
			<Option target="Test_Background2D" />
		</Unit>
		<Unit filename="src/core/library/lua/lauxlib.c">
			<Option compilerVar="CC" />
			<Option target="Release" />
			<Option target="Debug" />
			<Option target="Test_Background2D" />
		</Unit>
		<Unit filename="src/core/library/lua/lauxlib.h">
			<Option target="Release" />
			<Option target="Debug" />
			<Option target="Test_Background2D" />
		</Unit>
		<Unit filename="src/core/library/lua/lbaselib.c">
			<Option compilerVar="CC" />
			<Option target="Release" />
			<Option target="Debug" />
			<Option target="Test_Background2D" />
		</Unit>
		<Unit filename="src/core/library/lua/lcode.c">
			<Option compilerVar="CC" />
			<Option target="Release" />
			<Option target="Debug" />
			<Option target="Test_Background2D" />
		</Unit>
		<Unit filename="src/core/library/lua/lcode.h">
			<Option target="Release" />
			<Option target="Debug" />
			<Option target="Test_Background2D" />
		</Unit>
		<Unit filename="src/core/library/lua/ldblib.c">
			<Option compilerVar="CC" />
			<Option target="Release" />
			<Option target="Debug" />
			<Option target="Test_Background2D" />
		</Unit>
		<Unit filename="src/core/library/lua/ldebug.c">
			<Option compilerVar="CC" />
			<Option target="Release" />
			<Option target="Debug" />
			<Option target="Test_Background2D" />
		</Unit>
		<Unit filename="src/core/library/lua/ldebug.h">
			<Option target="Release" />
			<Option target="Debug" />
			<Option target="Test_Background2D" />
		</Unit>
		<Unit filename="src/core/library/lua/ldo.c">
			<Option compilerVar="CC" />
			<Option target="Release" />
			<Option target="Debug" />
			<Option target="Test_Background2D" />
		</Unit>
		<Unit filename="src/core/library/lua/ldo.h">
			<Option target="Release" />
			<Option target="Debug" />
			<Option target="Test_Background2D" />
		</Unit>
		<Unit filename="src/core/library/lua/ldump.c">
			<Option compilerVar="CC" />
			<Option target="Release" />
			<Option target="Debug" />
			<Option target="Test_Background2D" />
		</Unit>
		<Unit filename="src/core/library/lua/lfunc.c">
			<Option compilerVar="CC" />
			<Option target="Release" />
			<Option target="Debug" />
			<Option target="Test_Background2D" />
		</Unit>
		<Unit filename="src/core/library/lua/lfunc.h">
			<Option target="Release" />
			<Option target="Debug" />
			<Option target="Test_Background2D" />
		</Unit>
		<Unit filename="src/core/library/lua/lgc.c">
			<Option compilerVar="CC" />
			<Option target="Release" />
			<Option target="Debug" />
			<Option target="Test_Background2D" />
		</Unit>
		<Unit filename="src/core/library/lua/lgc.h">
			<Option target="Release" />
			<Option target="Debug" />
			<Option target="Test_Background2D" />
		</Unit>
		<Unit filename="src/core/library/lua/linit.c">
			<Option compilerVar="CC" />
			<Option target="Release" />
			<Option target="Debug" />
			<Option target="Test_Background2D" />
		</Unit>
		<Unit filename="src/core/library/lua/liolib.c">
			<Option compilerVar="CC" />
			<Option target="Release" />
			<Option target="Debug" />
			<Option target="Test_Background2D" />
		</Unit>
		<Unit filename="src/core/library/lua/llex.c">
			<Option compilerVar="CC" />
			<Option target="Release" />
			<Option target="Debug" />
			<Option target="Test_Background2D" />
		</Unit>
		<Unit filename="src/core/library/lua/llex.h">
			<Option target="Release" />
			<Option target="Debug" />
			<Option target="Test_Background2D" />
		</Unit>
		<Unit filename="src/core/library/lua/llimits.h">
			<Option target="Release" />
			<Option target="Debug" />
			<Option target="Test_Background2D" />
		</Unit>
		<Unit filename="src/core/library/lua/lmathlib.c">
			<Option compilerVar="CC" />
			<Option target="Release" />
			<Option target="Debug" />
			<Option target="Test_Background2D" />
		</Unit>
		<Unit filename="src/core/library/lua/lmem.c">
			<Option compilerVar="CC" />
			<Option target="Release" />
			<Option target="Debug" />
			<Option target="Test_Background2D" />
		</Unit>
		<Unit filename="src/core/library/lua/lmem.h">
			<Option target="Release" />
			<Option target="Debug" />
			<Option target="Test_Background2D" />
		</Unit>
		<Unit filename="src/core/library/lua/loadlib.c">
			<Option compilerVar="CC" />
			<Option target="Release" />
			<Option target="Debug" />
			<Option target="Test_Background2D" />
		</Unit>
		<Unit filename="src/core/library/lua/lobject.c">
			<Option compilerVar="CC" />
			<Option target="Release" />
			<Option target="Debug" />
			<Option target="Test_Background2D" />
		</Unit>
		<Unit filename="src/core/library/lua/lobject.h">
			<Option target="Release" />
			<Option target="Debug" />
			<Option target="Test_Background2D" />
		</Unit>
		<Unit filename="src/core/library/lua/lopcodes.c">
			<Option compilerVar="CC" />
			<Option target="Release" />
			<Option target="Debug" />
			<Option target="Test_Background2D" />
		</Unit>
		<Unit filename="src/core/library/lua/lopcodes.h">
			<Option target="Release" />
			<Option target="Debug" />
			<Option target="Test_Background2D" />
		</Unit>
		<Unit filename="src/core/library/lua/loslib.c">
			<Option compilerVar="CC" />
			<Option target="Release" />
			<Option target="Debug" />
			<Option target="Test_Background2D" />
		</Unit>
		<Unit filename="src/core/library/lua/lparser.c">
			<Option compilerVar="CC" />
			<Option target="Release" />
			<Option target="Debug" />
			<Option target="Test_Background2D" />
		</Unit>
		<Unit filename="src/core/library/lua/lparser.h">
			<Option target="Release" />
			<Option target="Debug" />
			<Option target="Test_Background2D" />
		</Unit>
		<Unit filename="src/core/library/lua/lstate.c">
			<Option compilerVar="CC" />
			<Option target="Release" />
			<Option target="Debug" />
			<Option target="Test_Background2D" />
		</Unit>
		<Unit filename="src/core/library/lua/lstate.h">
			<Option target="Release" />
			<Option target="Debug" />
			<Option target="Test_Background2D" />
		</Unit>
		<Unit filename="src/core/library/lua/lstring.c">
			<Option compilerVar="CC" />
			<Option target="Release" />
			<Option target="Debug" />
			<Option target="Test_Background2D" />
		</Unit>
		<Unit filename="src/core/library/lua/lstring.h">
			<Option target="Release" />
			<Option target="Debug" />
			<Option target="Test_Background2D" />
		</Unit>
		<Unit filename="src/core/library/lua/lstrlib.c">
			<Option compilerVar="CC" />
			<Option target="Release" />
			<Option target="Debug" />
			<Option target="Test_Background2D" />
		</Unit>
		<Unit filename="src/core/library/lua/ltable.c">
			<Option compilerVar="CC" />
			<Option target="Release" />
			<Option target="Debug" />
			<Option target="Test_Background2D" />
		</Unit>
		<Unit filename="src/core/library/lua/ltable.h">
			<Option target="Release" />
			<Option target="Debug" />
			<Option target="Test_Background2D" />
		</Unit>
		<Unit filename="src/core/library/lua/ltablib.c">
			<Option compilerVar="CC" />
			<Option target="Release" />
			<Option target="Debug" />
			<Option target="Test_Background2D" />
		</Unit>
		<Unit filename="src/core/library/lua/ltm.c">
			<Option compilerVar="CC" />
			<Option target="Release" />
			<Option target="Debug" />
			<Option target="Test_Background2D" />
		</Unit>
		<Unit filename="src/core/library/lua/ltm.h">
			<Option target="Release" />
			<Option target="Debug" />
			<Option target="Test_Background2D" />
		</Unit>
		<Unit filename="src/core/library/lua/lua.h">
			<Option target="Release" />
			<Option target="Debug" />
			<Option target="Test_Background2D" />
		</Unit>
		<Unit filename="src/core/library/lua/luaconf.h">
			<Option target="Release" />
			<Option target="Debug" />
			<Option target="Test_Background2D" />
		</Unit>
		<Unit filename="src/core/library/lua/lualib.h">
			<Option target="Release" />
			<Option target="Debug" />
			<Option target="Test_Background2D" />
		</Unit>
		<Unit filename="src/core/library/lua/lundump.c">
			<Option compilerVar="CC" />
			<Option target="Release" />
			<Option target="Debug" />
			<Option target="Test_Background2D" />
		</Unit>
		<Unit filename="src/core/library/lua/lundump.h">
			<Option target="Release" />
			<Option target="Debug" />
			<Option target="Test_Background2D" />
		</Unit>
		<Unit filename="src/core/library/lua/lvm.c">
			<Option compilerVar="CC" />
			<Option target="Release" />
			<Option target="Debug" />
			<Option target="Test_Background2D" />
		</Unit>
		<Unit filename="src/core/library/lua/lvm.h">
			<Option target="Release" />
			<Option target="Debug" />
			<Option target="Test_Background2D" />
		</Unit>
		<Unit filename="src/core/library/lua/lzio.c">
			<Option compilerVar="CC" />
			<Option target="Release" />
			<Option target="Debug" />
			<Option target="Test_Background2D" />
		</Unit>
		<Unit filename="src/core/library/lua/lzio.h">
			<Option target="Release" />
			<Option target="Debug" />
			<Option target="Test_Background2D" />
		</Unit>
		<Unit filename="src/core/library/lua/print.c">
			<Option compilerVar="CC" />
			<Option target="Release" />
			<Option target="Debug" />
			<Option target="Test_Background2D" />
		</Unit>
		<Unit filename="src/core/library/luabind/adopt_policy.hpp">
			<Option target="Release" />
			<Option target="Debug" />
			<Option target="Test_Background2D" />
		</Unit>
		<Unit filename="src/core/library/luabind/back_reference.hpp">
			<Option target="Release" />
			<Option target="Debug" />
			<Option target="Test_Background2D" />
		</Unit>
		<Unit filename="src/core/library/luabind/back_reference_fwd.hpp">
			<Option target="Release" />
			<Option target="Debug" />
			<Option target="Test_Background2D" />
		</Unit>
		<Unit filename="src/core/library/luabind/class.cpp">
			<Option target="Release" />
			<Option target="Debug" />
			<Option target="Test_Background2D" />
		</Unit>
		<Unit filename="src/core/library/luabind/class.hpp">
			<Option target="Release" />
			<Option target="Debug" />
			<Option target="Test_Background2D" />
		</Unit>
		<Unit filename="src/core/library/luabind/class_info.cpp">
			<Option target="Release" />
			<Option target="Debug" />
			<Option target="Test_Background2D" />
		</Unit>
		<Unit filename="src/core/library/luabind/class_info.hpp">
			<Option target="Release" />
			<Option target="Debug" />
			<Option target="Test_Background2D" />
		</Unit>
		<Unit filename="src/core/library/luabind/class_registry.cpp">
			<Option target="Release" />
			<Option target="Debug" />
			<Option target="Test_Background2D" />
		</Unit>
		<Unit filename="src/core/library/luabind/class_rep.cpp">
			<Option target="Release" />
			<Option target="Debug" />
			<Option target="Test_Background2D" />
		</Unit>
		<Unit filename="src/core/library/luabind/config.hpp">
			<Option target="Release" />
			<Option target="Debug" />
			<Option target="Test_Background2D" />
		</Unit>
		<Unit filename="src/core/library/luabind/container_policy.hpp">
			<Option target="Release" />
			<Option target="Debug" />
			<Option target="Test_Background2D" />
		</Unit>
		<Unit filename="src/core/library/luabind/copy_policy.hpp">
			<Option target="Release" />
			<Option target="Debug" />
			<Option target="Test_Background2D" />
		</Unit>
		<Unit filename="src/core/library/luabind/create_class.cpp">
			<Option target="Release" />
			<Option target="Debug" />
			<Option target="Test_Background2D" />
		</Unit>
		<Unit filename="src/core/library/luabind/dependency_policy.hpp">
			<Option target="Release" />
			<Option target="Debug" />
			<Option target="Test_Background2D" />
		</Unit>
		<Unit filename="src/core/library/luabind/detail/calc_arity.hpp">
			<Option target="Release" />
			<Option target="Debug" />
			<Option target="Test_Background2D" />
		</Unit>
		<Unit filename="src/core/library/luabind/detail/call.hpp">
			<Option target="Release" />
			<Option target="Debug" />
			<Option target="Test_Background2D" />
		</Unit>
		<Unit filename="src/core/library/luabind/detail/call_function.hpp">
			<Option target="Release" />
			<Option target="Debug" />
			<Option target="Test_Background2D" />
		</Unit>
		<Unit filename="src/core/library/luabind/detail/call_member.hpp">
			<Option target="Release" />
			<Option target="Debug" />
			<Option target="Test_Background2D" />
		</Unit>
		<Unit filename="src/core/library/luabind/detail/call_operator_iterate.hpp">
			<Option target="Release" />
			<Option target="Debug" />
			<Option target="Test_Background2D" />
		</Unit>
		<Unit filename="src/core/library/luabind/detail/class_cache.hpp">
			<Option target="Release" />
			<Option target="Debug" />
			<Option target="Test_Background2D" />
		</Unit>
		<Unit filename="src/core/library/luabind/detail/class_registry.hpp">
			<Option target="Release" />
			<Option target="Debug" />
			<Option target="Test_Background2D" />
		</Unit>
		<Unit filename="src/core/library/luabind/detail/class_rep.hpp">
			<Option target="Release" />
			<Option target="Debug" />
			<Option target="Test_Background2D" />
		</Unit>
		<Unit filename="src/core/library/luabind/detail/compute_score.hpp">
			<Option target="Release" />
			<Option target="Debug" />
			<Option target="Test_Background2D" />
		</Unit>
		<Unit filename="src/core/library/luabind/detail/constructor.hpp">
			<Option target="Release" />
			<Option target="Debug" />
			<Option target="Test_Background2D" />
		</Unit>
		<Unit filename="src/core/library/luabind/detail/conversion_storage.hpp">
			<Option target="Release" />
			<Option target="Debug" />
			<Option target="Test_Background2D" />
		</Unit>
		<Unit filename="src/core/library/luabind/detail/convert_to_lua.hpp">
			<Option target="Release" />
			<Option target="Debug" />
			<Option target="Test_Background2D" />
		</Unit>
		<Unit filename="src/core/library/luabind/detail/debug.hpp">
			<Option target="Release" />
			<Option target="Debug" />
			<Option target="Test_Background2D" />
		</Unit>
		<Unit filename="src/core/library/luabind/detail/decorate_type.hpp">
			<Option target="Release" />
			<Option target="Debug" />
			<Option target="Test_Background2D" />
		</Unit>
		<Unit filename="src/core/library/luabind/detail/deduce_signature.hpp">
			<Option target="Release" />
			<Option target="Debug" />
			<Option target="Test_Background2D" />
		</Unit>
		<Unit filename="src/core/library/luabind/detail/enum_maker.hpp">
			<Option target="Release" />
			<Option target="Debug" />
			<Option target="Test_Background2D" />
		</Unit>
		<Unit filename="src/core/library/luabind/detail/format_signature.hpp">
			<Option target="Release" />
			<Option target="Debug" />
			<Option target="Test_Background2D" />
		</Unit>
		<Unit filename="src/core/library/luabind/detail/garbage_collector.hpp">
			<Option target="Release" />
			<Option target="Debug" />
			<Option target="Test_Background2D" />
		</Unit>
		<Unit filename="src/core/library/luabind/detail/get_signature.hpp">
			<Option target="Release" />
			<Option target="Debug" />
			<Option target="Test_Background2D" />
		</Unit>
		<Unit filename="src/core/library/luabind/detail/has_get_pointer.hpp">
			<Option target="Release" />
			<Option target="Debug" />
			<Option target="Test_Background2D" />
		</Unit>
		<Unit filename="src/core/library/luabind/detail/inheritance.hpp">
			<Option target="Release" />
			<Option target="Debug" />
			<Option target="Test_Background2D" />
		</Unit>
		<Unit filename="src/core/library/luabind/detail/instance_holder.hpp">
			<Option target="Release" />
			<Option target="Debug" />
			<Option target="Test_Background2D" />
		</Unit>
		<Unit filename="src/core/library/luabind/detail/is_indirect_const.hpp">
			<Option target="Release" />
			<Option target="Debug" />
			<Option target="Test_Background2D" />
		</Unit>
		<Unit filename="src/core/library/luabind/detail/link_compatibility.hpp">
			<Option target="Release" />
			<Option target="Debug" />
			<Option target="Test_Background2D" />
		</Unit>
		<Unit filename="src/core/library/luabind/detail/make_instance.hpp">
			<Option target="Release" />
			<Option target="Debug" />
			<Option target="Test_Background2D" />
		</Unit>
		<Unit filename="src/core/library/luabind/detail/most_derived.hpp">
			<Option target="Release" />
			<Option target="Debug" />
			<Option target="Test_Background2D" />
		</Unit>
		<Unit filename="src/core/library/luabind/detail/object_call.hpp">
			<Option target="Release" />
			<Option target="Debug" />
			<Option target="Test_Background2D" />
		</Unit>
		<Unit filename="src/core/library/luabind/detail/object_funs.hpp">
			<Option target="Release" />
			<Option target="Debug" />
			<Option target="Test_Background2D" />
		</Unit>
		<Unit filename="src/core/library/luabind/detail/object_rep.hpp">
			<Option target="Release" />
			<Option target="Debug" />
			<Option target="Test_Background2D" />
		</Unit>
		<Unit filename="src/core/library/luabind/detail/open.hpp">
			<Option target="Release" />
			<Option target="Debug" />
			<Option target="Test_Background2D" />
		</Unit>
		<Unit filename="src/core/library/luabind/detail/operator_id.hpp">
			<Option target="Release" />
			<Option target="Debug" />
			<Option target="Test_Background2D" />
		</Unit>
		<Unit filename="src/core/library/luabind/detail/other.hpp">
			<Option target="Release" />
			<Option target="Debug" />
			<Option target="Test_Background2D" />
		</Unit>
		<Unit filename="src/core/library/luabind/detail/pcall.hpp">
			<Option target="Release" />
			<Option target="Debug" />
			<Option target="Test_Background2D" />
		</Unit>
		<Unit filename="src/core/library/luabind/detail/pointee_sizeof.hpp">
			<Option target="Release" />
			<Option target="Debug" />
			<Option target="Test_Background2D" />
		</Unit>
		<Unit filename="src/core/library/luabind/detail/pointee_typeid.hpp">
			<Option target="Release" />
			<Option target="Debug" />
			<Option target="Test_Background2D" />
		</Unit>
		<Unit filename="src/core/library/luabind/detail/policy.hpp">
			<Option target="Release" />
			<Option target="Debug" />
			<Option target="Test_Background2D" />
		</Unit>
		<Unit filename="src/core/library/luabind/detail/primitives.hpp">
			<Option target="Release" />
			<Option target="Debug" />
			<Option target="Test_Background2D" />
		</Unit>
		<Unit filename="src/core/library/luabind/detail/property.hpp">
			<Option target="Release" />
			<Option target="Debug" />
			<Option target="Test_Background2D" />
		</Unit>
		<Unit filename="src/core/library/luabind/detail/ref.hpp">
			<Option target="Release" />
			<Option target="Debug" />
			<Option target="Test_Background2D" />
		</Unit>
		<Unit filename="src/core/library/luabind/detail/signature_match.hpp">
			<Option target="Release" />
			<Option target="Debug" />
			<Option target="Test_Background2D" />
		</Unit>
		<Unit filename="src/core/library/luabind/detail/stack_utils.hpp">
			<Option target="Release" />
			<Option target="Debug" />
			<Option target="Test_Background2D" />
		</Unit>
		<Unit filename="src/core/library/luabind/detail/typetraits.hpp">
			<Option target="Release" />
			<Option target="Debug" />
			<Option target="Test_Background2D" />
		</Unit>
		<Unit filename="src/core/library/luabind/detail/yes_no.hpp">
			<Option target="Release" />
			<Option target="Debug" />
			<Option target="Test_Background2D" />
		</Unit>
		<Unit filename="src/core/library/luabind/discard_result_policy.hpp">
			<Option target="Release" />
			<Option target="Debug" />
			<Option target="Test_Background2D" />
		</Unit>
		<Unit filename="src/core/library/luabind/error.cpp">
			<Option target="Release" />
			<Option target="Debug" />
			<Option target="Test_Background2D" />
		</Unit>
		<Unit filename="src/core/library/luabind/error.hpp">
			<Option target="Release" />
			<Option target="Debug" />
			<Option target="Test_Background2D" />
		</Unit>
		<Unit filename="src/core/library/luabind/exception_handler.cpp">
			<Option target="Release" />
			<Option target="Debug" />
			<Option target="Test_Background2D" />
		</Unit>
		<Unit filename="src/core/library/luabind/exception_handler.hpp">
			<Option target="Release" />
			<Option target="Debug" />
			<Option target="Test_Background2D" />
		</Unit>
		<Unit filename="src/core/library/luabind/from_stack.hpp">
			<Option target="Release" />
			<Option target="Debug" />
			<Option target="Test_Background2D" />
		</Unit>
		<Unit filename="src/core/library/luabind/function.cpp">
			<Option target="Release" />
			<Option target="Debug" />
			<Option target="Test_Background2D" />
		</Unit>
		<Unit filename="src/core/library/luabind/function.hpp">
			<Option target="Release" />
			<Option target="Debug" />
			<Option target="Test_Background2D" />
		</Unit>
		<Unit filename="src/core/library/luabind/get_main_thread.hpp">
			<Option target="Release" />
			<Option target="Debug" />
			<Option target="Test_Background2D" />
		</Unit>
		<Unit filename="src/core/library/luabind/get_pointer.hpp">
			<Option target="Release" />
			<Option target="Debug" />
			<Option target="Test_Background2D" />
		</Unit>
		<Unit filename="src/core/library/luabind/handle.hpp">
			<Option target="Release" />
			<Option target="Debug" />
			<Option target="Test_Background2D" />
		</Unit>
		<Unit filename="src/core/library/luabind/inheritance.cpp">
			<Option target="Release" />
			<Option target="Debug" />
			<Option target="Test_Background2D" />
		</Unit>
		<Unit filename="src/core/library/luabind/iterator_policy.hpp">
			<Option target="Release" />
			<Option target="Debug" />
			<Option target="Test_Background2D" />
		</Unit>
		<Unit filename="src/core/library/luabind/link_compatibility.cpp">
			<Option target="Release" />
			<Option target="Debug" />
			<Option target="Test_Background2D" />
		</Unit>
		<Unit filename="src/core/library/luabind/lua_include.hpp">
			<Option target="Release" />
			<Option target="Debug" />
			<Option target="Test_Background2D" />
		</Unit>
		<Unit filename="src/core/library/luabind/luabind.hpp">
			<Option target="Release" />
			<Option target="Debug" />
			<Option target="Test_Background2D" />
		</Unit>
		<Unit filename="src/core/library/luabind/make_function.hpp">
			<Option target="Release" />
			<Option target="Debug" />
			<Option target="Test_Background2D" />
		</Unit>
		<Unit filename="src/core/library/luabind/nil.hpp">
			<Option target="Release" />
			<Option target="Debug" />
			<Option target="Test_Background2D" />
		</Unit>
		<Unit filename="src/core/library/luabind/object.hpp">
			<Option target="Release" />
			<Option target="Debug" />
			<Option target="Test_Background2D" />
		</Unit>
		<Unit filename="src/core/library/luabind/object_rep.cpp">
			<Option target="Release" />
			<Option target="Debug" />
			<Option target="Test_Background2D" />
		</Unit>
		<Unit filename="src/core/library/luabind/open.cpp">
			<Option target="Release" />
			<Option target="Debug" />
			<Option target="Test_Background2D" />
		</Unit>
		<Unit filename="src/core/library/luabind/open.hpp">
			<Option target="Release" />
			<Option target="Debug" />
			<Option target="Test_Background2D" />
		</Unit>
		<Unit filename="src/core/library/luabind/operator.hpp">
			<Option target="Release" />
			<Option target="Debug" />
			<Option target="Test_Background2D" />
		</Unit>
		<Unit filename="src/core/library/luabind/out_value_policy.hpp">
			<Option target="Release" />
			<Option target="Debug" />
			<Option target="Test_Background2D" />
		</Unit>
		<Unit filename="src/core/library/luabind/pcall.cpp">
			<Option target="Release" />
			<Option target="Debug" />
			<Option target="Test_Background2D" />
		</Unit>
		<Unit filename="src/core/library/luabind/prefix.hpp">
			<Option target="Release" />
			<Option target="Debug" />
			<Option target="Test_Background2D" />
		</Unit>
		<Unit filename="src/core/library/luabind/raw_policy.hpp">
			<Option target="Release" />
			<Option target="Debug" />
			<Option target="Test_Background2D" />
		</Unit>
		<Unit filename="src/core/library/luabind/return_reference_to_policy.hpp">
			<Option target="Release" />
			<Option target="Debug" />
			<Option target="Test_Background2D" />
		</Unit>
		<Unit filename="src/core/library/luabind/scope.cpp">
			<Option target="Release" />
			<Option target="Debug" />
			<Option target="Test_Background2D" />
		</Unit>
		<Unit filename="src/core/library/luabind/scope.hpp">
			<Option target="Release" />
			<Option target="Debug" />
			<Option target="Test_Background2D" />
		</Unit>
		<Unit filename="src/core/library/luabind/shared_ptr_converter.hpp">
			<Option target="Release" />
			<Option target="Debug" />
			<Option target="Test_Background2D" />
		</Unit>
		<Unit filename="src/core/library/luabind/stack_content_by_name.cpp">
			<Option target="Release" />
			<Option target="Debug" />
			<Option target="Test_Background2D" />
		</Unit>
		<Unit filename="src/core/library/luabind/tag_function.hpp">
			<Option target="Release" />
			<Option target="Debug" />
			<Option target="Test_Background2D" />
		</Unit>
		<Unit filename="src/core/library/luabind/typeid.hpp">
			<Option target="Release" />
			<Option target="Debug" />
			<Option target="Test_Background2D" />
		</Unit>
		<Unit filename="src/core/library/luabind/value_wrapper.hpp">
			<Option target="Release" />
			<Option target="Debug" />
			<Option target="Test_Background2D" />
		</Unit>
		<Unit filename="src/core/library/luabind/version.hpp">
			<Option target="Release" />
			<Option target="Debug" />
			<Option target="Test_Background2D" />
		</Unit>
		<Unit filename="src/core/library/luabind/weak_ref.cpp">
			<Option target="Release" />
			<Option target="Debug" />
			<Option target="Test_Background2D" />
		</Unit>
		<Unit filename="src/core/library/luabind/weak_ref.hpp">
			<Option target="Release" />
			<Option target="Debug" />
			<Option target="Test_Background2D" />
		</Unit>
		<Unit filename="src/core/library/luabind/wrapper_base.cpp">
			<Option target="Release" />
			<Option target="Debug" />
			<Option target="Test_Background2D" />
		</Unit>
		<Unit filename="src/core/library/luabind/wrapper_base.hpp">
			<Option target="Release" />
			<Option target="Debug" />
			<Option target="Test_Background2D" />
		</Unit>
		<Unit filename="src/core/library/luabind/yield_policy.hpp">
			<Option target="Release" />
			<Option target="Debug" />
			<Option target="Test_Background2D" />
		</Unit>
		<Unit filename="src/core/library/tinyxml/tinystr.cpp" />
		<Unit filename="src/core/library/tinyxml/tinystr.h" />
		<Unit filename="src/core/library/tinyxml/tinyxml.cpp" />
		<Unit filename="src/core/library/tinyxml/tinyxml.h" />
		<Unit filename="src/core/library/tinyxml/tinyxmlerror.cpp" />
		<Unit filename="src/core/library/tinyxml/tinyxmlparser.cpp" />
		<Unit filename="src/core/particles/Particle.cpp">
			<Option target="Release" />
			<Option target="Debug" />
			<Option target="Test_Background2D" />
		</Unit>
		<Unit filename="src/core/particles/Particle.h">
			<Option target="Release" />
			<Option target="Debug" />
			<Option target="Test_Background2D" />
		</Unit>
		<Unit filename="src/core/particles/ParticleAdditionalData.h">
			<Option target="Release" />
			<Option target="Debug" />
			<Option target="Test_Background2D" />
		</Unit>
		<Unit filename="src/core/particles/ParticleEmitter.cpp">
			<Option target="Release" />
			<Option target="Debug" />
			<Option target="Test_Background2D" />
		</Unit>
		<Unit filename="src/core/particles/ParticleEmitter.h">
			<Option target="Release" />
			<Option target="Debug" />
			<Option target="Test_Background2D" />
		</Unit>
		<Unit filename="src/core/particles/ParticleEmitterDictionary.cpp">
			<Option target="Release" />
			<Option target="Debug" />
			<Option target="Test_Background2D" />
		</Unit>
		<Unit filename="src/core/particles/ParticleEmitterDictionary.h">
			<Option target="Release" />
			<Option target="Debug" />
			<Option target="Test_Background2D" />
		</Unit>
		<Unit filename="src/core/particles/ParticleEmitterFactory.h">
			<Option target="Release" />
			<Option target="Debug" />
			<Option target="Test_Background2D" />
		</Unit>
		<Unit filename="src/core/particles/ParticleEmitterTranslator.cpp">
			<Option target="Release" />
			<Option target="Debug" />
			<Option target="Test_Background2D" />
		</Unit>
		<Unit filename="src/core/particles/ParticleEmitterTranslator.h">
			<Option target="Release" />
			<Option target="Debug" />
			<Option target="Test_Background2D" />
		</Unit>
		<Unit filename="src/core/particles/ParticlePool.h">
			<Option target="Release" />
			<Option target="Debug" />
			<Option target="Test_Background2D" />
		</Unit>
		<Unit filename="src/core/particles/ParticlePoolMap.h">
			<Option target="Release" />
			<Option target="Debug" />
			<Option target="Test_Background2D" />
		</Unit>
		<Unit filename="src/core/particles/ParticleRenderer.cpp">
			<Option target="Release" />
			<Option target="Debug" />
			<Option target="Test_Background2D" />
		</Unit>
		<Unit filename="src/core/particles/ParticleRenderer.h">
			<Option target="Release" />
			<Option target="Debug" />
			<Option target="Test_Background2D" />
		</Unit>
		<Unit filename="src/core/particles/ParticleRendererFactory.h">
			<Option target="Release" />
			<Option target="Debug" />
			<Option target="Test_Background2D" />
		</Unit>
		<Unit filename="src/core/particles/ParticleRendererTranslator.cpp">
			<Option target="Release" />
			<Option target="Debug" />
			<Option target="Test_Background2D" />
		</Unit>
		<Unit filename="src/core/particles/ParticleRendererTranslator.h">
			<Option target="Release" />
			<Option target="Debug" />
			<Option target="Test_Background2D" />
		</Unit>
		<Unit filename="src/core/particles/ParticleSystem.cpp">
			<Option target="Release" />
			<Option target="Debug" />
			<Option target="Test_Background2D" />
		</Unit>
		<Unit filename="src/core/particles/ParticleSystem.h">
			<Option target="Release" />
			<Option target="Debug" />
			<Option target="Test_Background2D" />
		</Unit>
		<Unit filename="src/core/particles/ParticleSystemFactory.cpp">
			<Option target="Release" />
			<Option target="Debug" />
			<Option target="Test_Background2D" />
		</Unit>
		<Unit filename="src/core/particles/ParticleSystemFactory.h">
			<Option target="Release" />
			<Option target="Debug" />
			<Option target="Test_Background2D" />
		</Unit>
		<Unit filename="src/core/particles/ParticleSystemManager.cpp">
			<Option target="Release" />
			<Option target="Debug" />
			<Option target="Test_Background2D" />
		</Unit>
		<Unit filename="src/core/particles/ParticleSystemManager.h">
			<Option target="Release" />
			<Option target="Debug" />
			<Option target="Test_Background2D" />
		</Unit>
		<Unit filename="src/core/particles/ParticleSystemTranslator.cpp">
			<Option target="Release" />
			<Option target="Debug" />
			<Option target="Test_Background2D" />
		</Unit>
		<Unit filename="src/core/particles/ParticleSystemTranslator.h">
			<Option target="Release" />
			<Option target="Debug" />
			<Option target="Test_Background2D" />
		</Unit>
		<Unit filename="src/core/particles/ParticleSystemTranslatorManager.cpp">
			<Option target="Release" />
			<Option target="Debug" />
			<Option target="Test_Background2D" />
		</Unit>
		<Unit filename="src/core/particles/ParticleSystemTranslatorManager.h">
			<Option target="Release" />
			<Option target="Debug" />
			<Option target="Test_Background2D" />
		</Unit>
		<Unit filename="src/core/particles/ParticleTechnique.cpp">
			<Option target="Release" />
			<Option target="Debug" />
			<Option target="Test_Background2D" />
		</Unit>
		<Unit filename="src/core/particles/ParticleTechnique.h">
			<Option target="Release" />
			<Option target="Debug" />
			<Option target="Test_Background2D" />
		</Unit>
		<Unit filename="src/core/particles/ParticleTechniqueTranslator.cpp">
			<Option target="Release" />
			<Option target="Debug" />
			<Option target="Test_Background2D" />
		</Unit>
		<Unit filename="src/core/particles/ParticleTechniqueTranslator.h">
			<Option target="Release" />
			<Option target="Debug" />
			<Option target="Test_Background2D" />
		</Unit>
		<Unit filename="src/core/particles/ParticleVisual.cpp">
			<Option target="Release" />
			<Option target="Debug" />
			<Option target="Test_Background2D" />
		</Unit>
		<Unit filename="src/core/particles/ParticleVisual.h">
			<Option target="Release" />
			<Option target="Debug" />
			<Option target="Test_Background2D" />
		</Unit>
		<Unit filename="src/core/particles/emitters/ParticlePointEmitter.cpp">
			<Option target="Release" />
			<Option target="Debug" />
			<Option target="Test_Background2D" />
		</Unit>
		<Unit filename="src/core/particles/emitters/ParticlePointEmitter.h">
			<Option target="Release" />
			<Option target="Debug" />
			<Option target="Test_Background2D" />
		</Unit>
		<Unit filename="src/core/particles/emitters/ParticlePointEmitterFactory.h">
			<Option target="Release" />
			<Option target="Debug" />
			<Option target="Test_Background2D" />
		</Unit>
		<Unit filename="src/core/particles/renderer/ParticleEntityAdditionalData.h">
			<Option target="Release" />
			<Option target="Debug" />
			<Option target="Test_Background2D" />
		</Unit>
		<Unit filename="src/core/particles/renderer/ParticleEntityRenderer.cpp">
			<Option target="Release" />
			<Option target="Debug" />
			<Option target="Test_Background2D" />
		</Unit>
		<Unit filename="src/core/particles/renderer/ParticleEntityRenderer.h">
			<Option target="Release" />
			<Option target="Debug" />
			<Option target="Test_Background2D" />
		</Unit>
		<Unit filename="src/core/particles/renderer/ParticleEntityRendererDictionary.cpp">
			<Option target="Release" />
			<Option target="Debug" />
			<Option target="Test_Background2D" />
		</Unit>
		<Unit filename="src/core/particles/renderer/ParticleEntityRendererDictionary.h">
			<Option target="Release" />
			<Option target="Debug" />
			<Option target="Test_Background2D" />
		</Unit>
		<Unit filename="src/core/particles/renderer/ParticleEntityRendererFactory.h">
			<Option target="Release" />
			<Option target="Debug" />
			<Option target="Test_Background2D" />
		</Unit>
		<Unit filename="src/data/QGearsBackgroundFile.cpp" />
		<Unit filename="src/data/QGearsBackgroundFileManager.cpp" />
		<Unit filename="src/data/QGearsBackgroundFileSerializer.cpp" />
		<Unit filename="src/data/QGearsFLevelBackground2DLoader.cpp" />
		<Unit filename="src/data/QGearsFLevelFile.cpp" />
		<Unit filename="src/data/QGearsFLevelFileManager.cpp" />
		<Unit filename="src/data/QGearsFLevelFileSerializer.cpp" />
		<Unit filename="src/data/QGearsFLevelTextureLoader.cpp" />
		<Unit filename="src/data/QGearsLZSDataStream.cpp" />
		<Unit filename="src/data/QGearsLZSFLevelFile.cpp" />
		<Unit filename="src/data/QGearsLZSFLevelFileManager.cpp" />
		<Unit filename="src/data/QGearsPaletteFile.cpp" />
		<Unit filename="src/data/QGearsPaletteFileManager.cpp" />
		<Unit filename="src/data/QGearsPaletteFileSerializer.cpp" />
		<Unit filename="src/data/QGearsSerializer.cpp" />
		<Unit filename="src/data/QGearsTexCodec.cpp" />
		<Unit filename="src/data/QGearsTexFile.cpp" />
		<Unit filename="src/data/QGearsXMLSerializer.cpp" />
		<Unit filename="src/map/QGearsBackground2DFile.cpp" />
		<Unit filename="src/map/QGearsBackground2DFileManager.cpp" />
		<Unit filename="src/map/QGearsBackground2DFileXMLSerializer.cpp" />
		<Unit filename="test/test_QGearsBackground2D.cpp">
			<Option target="Test_all" />
			<Option target="Test_Background2D" />
		</Unit>
		<Unit filename="test/test_QGearsBackground2DFileSerializer.cpp">
			<Option target="Test_Background2DFileSerializer" />
			<Option target="Test_all" />
		</Unit>
		<Unit filename="test/test_all.cpp">
			<Option target="Test_all" />
		</Unit>
		<Extensions>
			<code_completion />
			<envvars />
			<debugger>
				<search_path add="..\output" />
			</debugger>
			<DoxyBlocks>
				<comment_style block="0" line="0" />
				<doxyfile_project />
				<doxyfile_build />
				<doxyfile_warnings />
				<doxyfile_output />
				<doxyfile_dot />
				<general />
			</DoxyBlocks>
		</Extensions>
	</Project>
</CodeBlocks_project_file>
