<?xml version="1.0" encoding="UTF-8" standalone="yes" ?>
<CodeBlocks_project_file>
	<FileVersion major="1" minor="6" />
	<Project>
		<Option title="xeno_script_dumper" />
		<Option pch_mode="0" />
		<Option compiler="gcc" />
		<Build>
			<Target title="Release">
				<Option output="output/xeno_script_dumper.exe" prefix_auto="0" extension_auto="0" />
				<Option working_dir="output" />
				<Option object_output="compile" />
				<Option type="1" />
				<Option compiler="gcc" />
				<Option projectResourceIncludeDirsRelation="1" />
				<Compiler>
					<Add option="-O3" />
					<Add option="-DNDEBUG" />
				</Compiler>
				<Linker>
					<Add directory="$(OGRE_HOME)/lib/opt/release" />
				</Linker>
			</Target>
		</Build>
		<Compiler>
			<Add directory="$(BOOST_INCLUDE_DIR)" />
			<Add directory="$(OGRE_HOME)/include/OGRE" />
			<Add directory="$(OGRE_HOME)/include/OIS" />
		</Compiler>
		<Linker>
			<Add option="-Wl,--enable-runtime-pseudo-reloc" />
			<Add directory="$(BOOST_LIB_DIR)" />
			<Add directory="$(OGRE_HOME)/lib" />
			<Add directory="$(OGRE_HOME)/lib/opt" />
			<Add directory="$(OGRE_HOME)/lib/release" />
			<Add directory="$(OGRE_HOME)/lib/release/opt" />
			<Add directory="$(OGRE_HOME)/lib/debug" />
			<Add directory="$(OGRE_HOME)/lib/debug/opt" />
		</Linker>
		<Unit filename="src/Define.h" />
		<Unit filename="src/GameDefine.h" />
		<Unit filename="src/Main.cpp" />
		<Unit filename="src/Main.h" />
		<Unit filename="src/common/TypeDefine.h" />
		<Unit filename="src/common/filesystem/FileSystem.cpp" />
		<Unit filename="src/common/filesystem/FileSystem.h" />
		<Unit filename="src/common/filesystem/RealFileSystem.cpp" />
		<Unit filename="src/common/filesystem/RealFileSystem.h" />
		<Unit filename="src/common/filesystem/driver/FileDriver.cpp" />
		<Unit filename="src/common/filesystem/driver/FileDriver.h" />
		<Unit filename="src/common/filesystem/driver/NullFileDriver.cpp" />
		<Unit filename="src/common/filesystem/driver/NullFileDriver.h" />
		<Unit filename="src/common/filesystem/driver/RealFileDriver.cpp" />
		<Unit filename="src/common/filesystem/driver/RealFileDriver.h" />
		<Unit filename="src/common/utilites/Logger.cpp" />
		<Unit filename="src/common/utilites/Logger.h" />
		<Unit filename="src/common/utilites/NoCopy.h" />
		<Unit filename="src/common/utilites/StdString.h" />
		<Unit filename="src/common/utilites/Utilites.cpp" />
		<Unit filename="src/common/utilites/Utilites.h" />
		<Unit filename="src/game/field/FieldModule.cpp" />
		<Unit filename="src/game/field/FieldModule.h" />
		<Unit filename="src/game/field/FieldPackFile.cpp" />
		<Unit filename="src/game/field/FieldPackFile.h" />
		<Unit filename="src/game/field/ScriptFile.cpp" />
		<Unit filename="src/game/field/ScriptFile.h" />
		<Unit filename="src/game/filesystem/File.cpp" />
		<Unit filename="src/game/filesystem/File.h" />
		<Unit filename="src/game/filetypes/ArchiveFile.cpp" />
		<Unit filename="src/game/filetypes/ArchiveFile.h" />
		<Unit filename="src/game/filetypes/PacketFile.cpp" />
		<Unit filename="src/game/filetypes/PacketFile.h" />
		<Unit filename="src/game/filetypes/SubPacketFile.cpp" />
		<Unit filename="src/game/filetypes/SubPacketFile.h" />
		<Extensions>
			<code_completion />
			<debugger />
			<envvars />
		</Extensions>
	</Project>
</CodeBlocks_project_file>
