<?xml version="1.0" encoding="UTF-8" standalone="yes" ?>
<CodeBlocks_project_file>
	<FileVersion major="1" minor="6" />
	<Project>
		<Option title="CodecTex" />
		<Option pch_mode="2" />
		<Option compiler="gcc" />
		<Build>
			<Target title="Debug">
				<Option output="../../output/Plugin_CodecTex_d" prefix_auto="1" extension_auto="1" />
				<Option object_output="obj/Debug/" />
				<Option type="3" />
				<Option compiler="gcc" />
				<Compiler>
					<Add option="-g" />
				</Compiler>
				<Linker>
					<Add library="OgreMain_d" />
					<Add library="boost_system-mgw47-mt-d-1_54" />
				</Linker>
			</Target>
			<Target title="Release">
				<Option output="../../output/Plugin_CodecTex" prefix_auto="1" extension_auto="1" />
				<Option object_output="obj/Release/" />
				<Option type="3" />
				<Option compiler="gcc" />
				<Compiler>
					<Add option="-O2" />
				</Compiler>
				<Linker>
					<Add option="-s" />
					<Add library="OgreMain" />
					<Add library="boost_system-mgw47-mt-1_54" />
				</Linker>
			</Target>
			<Target title="Test">
				<Option output="bin/test/test_tex_file" prefix_auto="1" extension_auto="1" />
				<Option working_dir="$(TARGET_OUTPUT_DIR)" />
				<Option object_output="obj/Test/" />
				<Option type="1" />
				<Option compiler="gcc" />
				<Compiler>
					<Add option="-g" />
				</Compiler>
				<Linker>
					<Add library="OgreMain_d" />
					<Add library="boost_system-mgw47-mt-d-1_54" />
					<Add library="boost_unit_test_framework-mgw47-mt-d-1_54" />
				</Linker>
			</Target>
			<Target title="TexInfo">
				<Option output="../../output/tool/tex_info" prefix_auto="1" extension_auto="1" />
				<Option working_dir="$(TARGET_OUTPUT_DIR)" />
				<Option object_output="obj/TexInfo/" />
				<Option type="1" />
				<Option compiler="gcc" />
				<Linker>
					<Add library="OgreMain" />
					<Add library="boost_system-mgw47-mt-1_54" />
					<Add library="boost_program_options-mgw47-mt-1_54" />
					<Add library="boost_filesystem-mgw47-mt-1_54" />
				</Linker>
			</Target>
			<Environment>
				<Variable name="QGEARS_INSTALL_PATH" value="..\output" />
			</Environment>
		</Build>
		<Compiler>
			<Add option="-Wall" />
			<Add option="-fexceptions" />
			<Add option="-DBOOST_ALL_DYN_LINK" />
			<Add directory="D:/work/ogre/build/sdk/include/OGRE" />
			<Add directory="D:/app/dev/boost" />
			<Add directory="include" />
			<Add directory="../../utilites" />
		</Compiler>
		<Linker>
			<Add directory="D:/app/dev/boost/stage/lib" />
			<Add directory="D:/work/ogre/build/sdk/lib" />
		</Linker>
		<Unit filename="include/QGearsTexCodec.h">
			<Option target="Debug" />
			<Option target="Release" />
		</Unit>
		<Unit filename="include/QGearsTexFile.h" />
		<Unit filename="include/QGearsTexPlugin.h">
			<Option target="Debug" />
			<Option target="Release" />
		</Unit>
		<Unit filename="include/QGearsTexPlugin_Prerequisites.h">
			<Option target="Debug" />
			<Option target="Release" />
		</Unit>
		<Unit filename="src/QGearsTexCodec.cpp">
			<Option target="Debug" />
			<Option target="Release" />
		</Unit>
		<Unit filename="src/QGearsTexCodecDll.cpp">
			<Option target="Debug" />
			<Option target="Release" />
		</Unit>
		<Unit filename="src/QGearsTexFile.cpp" />
		<Unit filename="src/QGearsTexPlugin.cpp">
			<Option target="Debug" />
			<Option target="Release" />
		</Unit>
		<Unit filename="test/tex_file_info.cpp">
			<Option target="TexInfo" />
		</Unit>
		<Unit filename="test/tex_file_test.cpp">
			<Option target="Test" />
		</Unit>
		<Extensions>
			<code_completion />
			<envvars />
			<debugger />
			<DoxyBlocks>
				<comment_style block="0" line="0" />
				<doxyfile_project />
				<doxyfile_build />
				<doxyfile_warnings />
				<doxyfile_output />
				<doxyfile_dot />
				<general />
			</DoxyBlocks>
		</Extensions>
	</Project>
</CodeBlocks_project_file>
