<?xml version="1.0" encoding="UTF-8" standalone="yes" ?>
<CodeBlocks_project_file>
	<FileVersion major="1" minor="6" />
	<Project>
		<Option title="ffvii_sound_dumper" />
		<Option pch_mode="0" />
		<Option compiler="gcc" />
		<Build>
			<Target title="Release">
				<Option output="output/ffvii_sound_dumper.exe" prefix_auto="0" extension_auto="0" />
				<Option working_dir="output" />
				<Option object_output="compile" />
				<Option type="1" />
				<Option compiler="gcc" />
				<Option projectResourceIncludeDirsRelation="1" />
				<Compiler>
					<Add option="-O3" />
					<Add option="-DNDEBUG" />
					<Add option="-DUSE_MINGW" />
				</Compiler>
				<Linker>
					<Add library="mingw32" />
					<Add library="zlib" />
					<Add library="OgreMain" />
					<Add library="ois" />
					<Add library="SDL" />
					<Add library="SDLmain" />
					<Add library="boost_system-mt" />
				</Linker>
			</Target>
			<Target title="Debug">
				<Option output="output/q-gears_d" prefix_auto="1" extension_auto="1" />
				<Option type="0" />
				<Option compiler="gcc" />
				<Compiler>
					<Add option="-g" />
				</Compiler>
			</Target>
		</Build>
		<Compiler>
			<Add directory="$(BOOST_INCLUDE_DIR)" />
			<Add directory="$(OGRE_HOME)/include/OGRE" />
			<Add directory="$(OGRE_HOME)/include/OIS" />
			<Add directory="$(SDL_HOME)/include" />
			<Add directory="../../QGearsMain/include" />
			<Add directory="../" />
		</Compiler>
		<Linker>
			<Add option="-Wl,--enable-runtime-pseudo-reloc" />
			<Add directory="$(BOOST_LIB_DIR)" />
			<Add directory="$(OGRE_HOME)/lib" />
			<Add directory="$(OGRE_HOME)/lib/opt" />
			<Add directory="$(OGRE_HOME)/lib/release" />
			<Add directory="$(OGRE_HOME)/lib/release/opt" />
			<Add directory="$(OGRE_HOME)/lib/debug" />
			<Add directory="$(OGRE_HOME)/lib/debug/opt" />
			<Add directory="$(ZLIB_LIB_DIR)" />
			<Add directory="$(ZLIB_LIB_DIR)/Release" />
			<Add directory="$(ZLIB_LIB_DIR)/Debug" />
			<Add directory="$(SDL_HOME)/lib" />
		</Linker>
		<Unit filename="../../QGearsMain/include/common/TypeDefine.h" />
		<Unit filename="../common/File.cpp">
			<Option target="Release" />
		</Unit>
		<Unit filename="../common/File.h">
			<Option target="Release" />
		</Unit>
		<Unit filename="../common/FileSystem.cpp">
			<Option target="Release" />
		</Unit>
		<Unit filename="../common/FileSystem.h">
			<Option target="Release" />
		</Unit>
		<Unit filename="../common/Logger.cpp">
			<Option target="Release" />
		</Unit>
		<Unit filename="../common/Logger.h">
			<Option target="Release" />
		</Unit>
		<Unit filename="src/AkaoParser.cpp">
			<Option target="Release" />
		</Unit>
		<Unit filename="src/AkaoParser.h">
			<Option target="Release" />
		</Unit>
		<Unit filename="src/Main.cpp">
			<Option target="Release" />
		</Unit>
		<Unit filename="src/Main.h">
			<Option target="Release" />
		</Unit>
		<Unit filename="src/engine/SoundBackend.h">
			<Option target="Release" />
		</Unit>
		<Unit filename="src/engine/SoundManager.cpp">
			<Option target="Release" />
		</Unit>
		<Unit filename="src/engine/SoundManager.h">
			<Option target="Release" />
		</Unit>
		<Unit filename="src/engine/backends/SoundBackendSDL.cpp">
			<Option target="Release" />
		</Unit>
		<Unit filename="src/engine/backends/SoundBackendSDL.h">
			<Option target="Release" />
		</Unit>
		<Extensions>
			<code_completion />
			<envvars />
			<debugger />
		</Extensions>
	</Project>
</CodeBlocks_project_file>
