<?xml version="1.0" encoding="UTF-8" standalone="yes" ?>
<CodeBlocks_project_file>
	<FileVersion major="1" minor="6" />
	<Project>
		<Option title="ffvii_field_model_exporter_pc" />
		<Option pch_mode="2" />
		<Option compiler="gcc" />
		<Build>
			<Target title="Release">
				<Option output="bin/ffvii_field_model_exporter_pc" prefix_auto="1" extension_auto="1" />
				<Option working_dir="$(TARGET_OUTPUT_DIR)" />
				<Option object_output="obj/Release/" />
				<Option type="1" />
				<Option compiler="gcc" />
				<Compiler>
					<Add option="-O2" />
				</Compiler>
				<Linker>
					<Add option="-s" />
					<Add library="OgreMain" />
					<Add library="OIS" />
					<Add library="boost_system-mt" />
					<Add library="boost_thread-mt" />
				</Linker>
			</Target>
			<Target title="Test_PFileSerializer">
				<Option output="bin/test/test_PFileSerializer" prefix_auto="1" extension_auto="1" />
				<Option working_dir="$(TARGET_OUTPUT_DIR)" />
				<Option object_output="obj/Test/" />
				<Option type="1" />
				<Option compiler="gcc" />
				<Compiler>
					<Add option="-O2" />
					<Add option="-g" />
				</Compiler>
				<Linker>
					<Add option="-s" />
					<Add library="OgreMain_d" />
					<Add library="OIS_d" />
					<Add library="boost_system-mt-d" />
					<Add library="boost_thread-mt-d" />
					<Add library="boost_unit_test_framework-mt-d" />
				</Linker>
			</Target>
			<Target title="Test_PFile">
				<Option output="bin/test/test_PFile" prefix_auto="1" extension_auto="1" />
				<Option working_dir="$(TARGET_OUTPUT_DIR)" />
				<Option object_output="obj/Test/" />
				<Option type="1" />
				<Option compiler="gcc" />
				<Compiler>
					<Add option="-O2" />
					<Add option="-g" />
				</Compiler>
				<Linker>
					<Add option="-s" />
					<Add library="OgreMain_d" />
					<Add library="OIS_d" />
					<Add library="boost_system-mt-d" />
					<Add library="boost_thread-mt-d" />
					<Add library="boost_unit_test_framework-mt-d" />
				</Linker>
			</Target>
			<Target title="Test_HRCFileSerializer">
				<Option output="bin/test/test_HRCFileSerializer" prefix_auto="1" extension_auto="1" />
				<Option working_dir="$(TARGET_OUTPUT_DIR)" />
				<Option object_output="obj/Test/" />
				<Option type="1" />
				<Option compiler="gcc" />
				<Compiler>
					<Add option="-O2" />
					<Add option="-g" />
				</Compiler>
				<Linker>
					<Add option="-s" />
					<Add library="OgreMain_d" />
					<Add library="OIS_d" />
					<Add library="boost_system-mt-d" />
					<Add library="boost_thread-mt-d" />
					<Add library="boost_unit_test_framework-mt-d" />
				</Linker>
			</Target>
			<Target title="Test_AFileSerializer">
				<Option output="bin/test/test_AFileSerializer" prefix_auto="1" extension_auto="1" />
				<Option working_dir="$(TARGET_OUTPUT_DIR)" />
				<Option object_output="obj/Test/" />
				<Option type="1" />
				<Option compiler="gcc" />
				<Compiler>
					<Add option="-O2" />
					<Add option="-g" />
				</Compiler>
				<Linker>
					<Add option="-s" />
					<Add library="OgreMain_d" />
					<Add library="OIS_d" />
					<Add library="boost_system-mt-d" />
					<Add library="boost_thread-mt-d" />
					<Add library="boost_unit_test_framework-mt-d" />
				</Linker>
			</Target>
			<Target title="Test_ManualObject">
				<Option output="bin/test/test_ManualObject" prefix_auto="1" extension_auto="1" />
				<Option working_dir="$(TARGET_OUTPUT_DIR)" />
				<Option object_output="obj/Test/" />
				<Option type="1" />
				<Option compiler="gcc" />
				<Compiler>
					<Add option="-O2" />
					<Add option="-g" />
				</Compiler>
				<Linker>
					<Add option="-s" />
					<Add library="OgreMain_d" />
					<Add library="OIS_d" />
					<Add library="boost_system-mt-d" />
					<Add library="boost_thread-mt-d" />
					<Add library="boost_unit_test_framework-mt-d" />
				</Linker>
			</Target>
			<Target title="Test_RSDFileSerializer">
				<Option output="bin/test/test_RSDFileSerializer" prefix_auto="1" extension_auto="1" />
				<Option working_dir="$(TARGET_OUTPUT_DIR)" />
				<Option object_output="obj/Test/" />
				<Option type="1" />
				<Option compiler="gcc" />
				<Compiler>
					<Add option="-O2" />
					<Add option="-g" />
				</Compiler>
				<Linker>
					<Add option="-s" />
					<Add library="OgreMain_d" />
					<Add library="OIS_d" />
					<Add library="boost_system-mt-d" />
					<Add library="boost_thread-mt-d" />
					<Add library="boost_unit_test_framework-mt-d" />
				</Linker>
			</Target>
			<Target title="Test_RingBuffer">
				<Option output="bin/test/test_RingBuffer" prefix_auto="1" extension_auto="1" />
				<Option working_dir="$(TARGET_OUTPUT_DIR)" />
				<Option object_output="obj/Test/" />
				<Option type="1" />
				<Option compiler="gcc" />
				<Compiler>
					<Add option="-O2" />
					<Add option="-g" />
				</Compiler>
				<Linker>
					<Add option="-s" />
					<Add library="OgreMain_d" />
					<Add library="OIS_d" />
					<Add library="boost_system-mt-d" />
					<Add library="boost_thread-mt-d" />
					<Add library="boost_unit_test_framework-mt-d" />
				</Linker>
			</Target>
			<Target title="Test_LZSDataStream">
				<Option output="bin/test/test_LZSDataStream" prefix_auto="1" extension_auto="1" />
				<Option working_dir="$(TARGET_OUTPUT_DIR)" />
				<Option object_output="obj/Test/" />
				<Option type="1" />
				<Option compiler="gcc" />
				<Compiler>
					<Add option="-O2" />
					<Add option="-g" />
				</Compiler>
				<Linker>
					<Add option="-s" />
					<Add library="OgreMain_d" />
					<Add library="OIS_d" />
					<Add library="boost_system-mt-d" />
					<Add library="boost_thread-mt-d" />
					<Add library="boost_unit_test_framework-mt-d" />
				</Linker>
			</Target>
			<Target title="Test_BackgroundFileSerializer">
				<Option output="bin/test/test_BackgroundFileSerializer" prefix_auto="1" extension_auto="1" />
				<Option working_dir="$(TARGET_OUTPUT_DIR)" />
				<Option object_output="obj/Test/" />
				<Option type="1" />
				<Option compiler="gcc" />
				<Compiler>
					<Add option="-O2" />
					<Add option="-g" />
				</Compiler>
				<Linker>
					<Add option="-s" />
					<Add library="OgreMain_d" />
					<Add library="OIS_d" />
					<Add library="boost_system-mt-d" />
					<Add library="boost_thread-mt-d" />
					<Add library="boost_unit_test_framework-mt-d" />
				</Linker>
			</Target>
			<Target title="Test_PaletteFileSerializer">
				<Option output="bin/test/test_PaletteFileSerializer" prefix_auto="1" extension_auto="1" />
				<Option working_dir="$(TARGET_OUTPUT_DIR)" />
				<Option object_output="obj/Test/" />
				<Option type="1" />
				<Option compiler="gcc" />
				<Compiler>
					<Add option="-O2" />
					<Add option="-g" />
				</Compiler>
				<Linker>
					<Add option="-s" />
					<Add library="OgreMain_d" />
					<Add library="OIS_d" />
					<Add library="boost_system-mt-d" />
					<Add library="boost_thread-mt-d" />
					<Add library="boost_unit_test_framework-mt-d" />
				</Linker>
			</Target>
			<Target title="Test_FLevelFileSerializer">
				<Option output="bin/test/test_FLevelFileSerializer" prefix_auto="1" extension_auto="1" />
				<Option working_dir="$(TARGET_OUTPUT_DIR)" />
				<Option object_output="obj/Test/" />
				<Option type="1" />
				<Option compiler="gcc" />
				<Compiler>
					<Add option="-O2" />
					<Add option="-g" />
				</Compiler>
				<Linker>
					<Add option="-s" />
					<Add library="OgreMain_d" />
					<Add library="OIS_d" />
					<Add library="boost_system-mt-d" />
					<Add library="boost_thread-mt-d" />
					<Add library="boost_unit_test_framework-mt-d" />
				</Linker>
			</Target>
		</Build>
		<Compiler>
			<Add option="-Wall" />
			<Add option="-fexceptions" />
			<Add option="-DBOOST_ALL_DYN_LINK" />
			<Add option="-DTIXML_USE_STL" />
			<Add directory="$(BOOST_INCLUDE_DIR)" />
			<Add directory="$(OGRE_HOME)/include/OGRE" />
			<Add directory="$(OGRE_HOME)/include/OIS" />
			<Add directory="../../QGearsMain/include" />
			<Add directory="../" />
			<Add directory="include" />
			<Add directory="../../QGearsMain/src/core/library/tinyxml" />
		</Compiler>
		<Linker>
			<Add directory="$(BOOST_LIB_DIR)" />
			<Add directory="$(OGRE_HOME)/lib" />
			<Add directory="$(OGRE_HOME)/lib/opt" />
			<Add directory="$(OGRE_HOME)/lib/release" />
			<Add directory="$(OGRE_HOME)/lib/release/opt" />
			<Add directory="$(OGRE_HOME)/lib/debug" />
			<Add directory="$(OGRE_HOME)/lib/debug/opt" />
		</Linker>
		<Unit filename="../../QGearsMain/include/QGearsPrerequisites.h" />
		<Unit filename="../../QGearsMain/include/common/QGearsManualObject.h" />
		<Unit filename="../../QGearsMain/include/common/QGearsResource.h" />
		<Unit filename="../../QGearsMain/include/common/QGearsStringUtil.h" />
		<Unit filename="../../QGearsMain/include/common/TypeDefine.h" />
		<Unit filename="../../QGearsMain/include/data/QGearsAFile.h" />
		<Unit filename="../../QGearsMain/include/data/QGearsAFileSerializer.h" />
		<Unit filename="../../QGearsMain/include/data/QGearsBackgroundFile.h" />
		<Unit filename="../../QGearsMain/include/data/QGearsBackgroundFileManager.h" />
		<Unit filename="../../QGearsMain/include/data/QGearsBackgroundFileSerializer.h" />
		<Unit filename="../../QGearsMain/include/data/QGearsBackgroundTextureLoader.h" />
		<Unit filename="../../QGearsMain/include/data/QGearsFLevelBackground2DLoader.h" />
		<Unit filename="../../QGearsMain/include/data/QGearsFLevelFile.h" />
		<Unit filename="../../QGearsMain/include/data/QGearsFLevelFileManager.h" />
		<Unit filename="../../QGearsMain/include/data/QGearsFLevelFileSerializer.h" />
		<Unit filename="../../QGearsMain/include/data/QGearsFLevelTextureLoader.h" />
		<Unit filename="../../QGearsMain/include/data/QGearsHRCFile.h" />
		<Unit filename="../../QGearsMain/include/data/QGearsHRCFileManager.h" />
		<Unit filename="../../QGearsMain/include/data/QGearsHRCFileSerializer.h" />
		<Unit filename="../../QGearsMain/include/data/QGearsHRCMeshLoader.h" />
		<Unit filename="../../QGearsMain/include/data/QGearsHRCSkeletonLoader.h" />
		<Unit filename="../../QGearsMain/include/data/QGearsLZSDataStream.h" />
		<Unit filename="../../QGearsMain/include/data/QGearsLZSFLevelFile.h" />
		<Unit filename="../../QGearsMain/include/data/QGearsLZSFLevelFileManager.h" />
		<Unit filename="../../QGearsMain/include/data/QGearsPFile.h" />
		<Unit filename="../../QGearsMain/include/data/QGearsPFileManager.h" />
		<Unit filename="../../QGearsMain/include/data/QGearsPFileSerializer.h" />
		<Unit filename="../../QGearsMain/include/data/QGearsPaletteFile.h" />
		<Unit filename="../../QGearsMain/include/data/QGearsPaletteFileManager.h" />
		<Unit filename="../../QGearsMain/include/data/QGearsPaletteFileSerializer.h" />
		<Unit filename="../../QGearsMain/include/data/QGearsRSDFile.h" />
		<Unit filename="../../QGearsMain/include/data/QGearsRSDFileManager.h" />
		<Unit filename="../../QGearsMain/include/data/QGearsRSDFileSerializer.h" />
		<Unit filename="../../QGearsMain/include/data/QGearsSerializer.h" />
		<Unit filename="../../QGearsMain/include/data/QGearsTexCodec.h" />
		<Unit filename="../../QGearsMain/include/data/QGearsTexFile.h" />
		<Unit filename="../../QGearsMain/include/data/QGearsXMLSerializer.h" />
		<Unit filename="../../QGearsMain/include/map/QGearsBackground2DFile.h" />
		<Unit filename="../../QGearsMain/include/map/QGearsBackground2DFileManager.h" />
		<Unit filename="../../QGearsMain/include/map/QGearsBackground2DFileXMLSerializer.h" />
		<Unit filename="../../QGearsMain/include/map/QGearsTile.h" />
		<Unit filename="../../QGearsMain/src/common/QGearsManualObject.cpp" />
		<Unit filename="../../QGearsMain/src/common/QGearsResource.cpp" />
		<Unit filename="../../QGearsMain/src/common/QGearsStringUtil.cpp" />
		<Unit filename="../../QGearsMain/src/common/TypeDefine.cpp" />
		<Unit filename="../../QGearsMain/src/core/library/tinyxml/tinystr.cpp" />
		<Unit filename="../../QGearsMain/src/core/library/tinyxml/tinystr.h" />
		<Unit filename="../../QGearsMain/src/core/library/tinyxml/tinyxml.cpp" />
		<Unit filename="../../QGearsMain/src/core/library/tinyxml/tinyxml.h" />
		<Unit filename="../../QGearsMain/src/core/library/tinyxml/tinyxmlerror.cpp" />
		<Unit filename="../../QGearsMain/src/core/library/tinyxml/tinyxmlparser.cpp" />
		<Unit filename="../../QGearsMain/src/data/QGearsAFile.cpp" />
		<Unit filename="../../QGearsMain/src/data/QGearsAFileSerializer.cpp" />
		<Unit filename="../../QGearsMain/src/data/QGearsBackgroundFile.cpp" />
		<Unit filename="../../QGearsMain/src/data/QGearsBackgroundFileManager.cpp" />
		<Unit filename="../../QGearsMain/src/data/QGearsBackgroundFileSerializer.cpp" />
		<Unit filename="../../QGearsMain/src/data/QGearsBackgroundTextureLoader.cpp" />
		<Unit filename="../../QGearsMain/src/data/QGearsFLevelBackground2DLoader.cpp" />
		<Unit filename="../../QGearsMain/src/data/QGearsFLevelFile.cpp" />
		<Unit filename="../../QGearsMain/src/data/QGearsFLevelFileManager.cpp" />
		<Unit filename="../../QGearsMain/src/data/QGearsFLevelFileSerializer.cpp" />
		<Unit filename="../../QGearsMain/src/data/QGearsFLevelTextureLoader.cpp" />
		<Unit filename="../../QGearsMain/src/data/QGearsHRCFile.cpp" />
		<Unit filename="../../QGearsMain/src/data/QGearsHRCFileManager.cpp" />
		<Unit filename="../../QGearsMain/src/data/QGearsHRCFileSerializer.cpp" />
		<Unit filename="../../QGearsMain/src/data/QGearsHRCMeshLoader.cpp" />
		<Unit filename="../../QGearsMain/src/data/QGearsHRCSkeletonLoader.cpp" />
		<Unit filename="../../QGearsMain/src/data/QGearsLZSDataStream.cpp" />
		<Unit filename="../../QGearsMain/src/data/QGearsLZSFLevelFile.cpp" />
		<Unit filename="../../QGearsMain/src/data/QGearsLZSFLevelFileManager.cpp" />
		<Unit filename="../../QGearsMain/src/data/QGearsPFile.cpp" />
		<Unit filename="../../QGearsMain/src/data/QGearsPFileManager.cpp" />
		<Unit filename="../../QGearsMain/src/data/QGearsPFileSerializer.cpp" />
		<Unit filename="../../QGearsMain/src/data/QGearsPaletteFile.cpp" />
		<Unit filename="../../QGearsMain/src/data/QGearsPaletteFileManager.cpp" />
		<Unit filename="../../QGearsMain/src/data/QGearsPaletteFileSerializer.cpp" />
		<Unit filename="../../QGearsMain/src/data/QGearsRSDFile.cpp" />
		<Unit filename="../../QGearsMain/src/data/QGearsRSDFileManager.cpp" />
		<Unit filename="../../QGearsMain/src/data/QGearsRSDFileSerializer.cpp" />
		<Unit filename="../../QGearsMain/src/data/QGearsSerializer.cpp" />
		<Unit filename="../../QGearsMain/src/data/QGearsTexCodec.cpp" />
		<Unit filename="../../QGearsMain/src/data/QGearsTexFile.cpp" />
		<Unit filename="../../QGearsMain/src/data/QGearsXMLSerializer.cpp" />
		<Unit filename="../../QGearsMain/src/map/QGearsBackground2DFile.cpp" />
		<Unit filename="../../QGearsMain/src/map/QGearsBackground2DFileManager.cpp" />
		<Unit filename="../../QGearsMain/src/map/QGearsBackground2DFileXMLSerializer.cpp" />
		<Unit filename="../../QGearsMain/test/test_QGearsAFileSerializer.cpp">
			<Option target="Test_AFileSerializer" />
		</Unit>
		<Unit filename="../../QGearsMain/test/test_QGearsBackgroundFileSerializer.cpp">
			<Option target="Test_BackgroundFileSerializer" />
		</Unit>
		<Unit filename="../../QGearsMain/test/test_QGearsFLevelFileSerializer.cpp">
			<Option target="Test_FLevelFileSerializer" />
		</Unit>
		<Unit filename="../../QGearsMain/test/test_QGearsHRCSerializer.cpp">
			<Option target="Test_HRCFileSerializer" />
		</Unit>
		<Unit filename="../../QGearsMain/test/test_QGearsLZSDataStream.cpp">
			<Option target="Test_LZSDataStream" />
		</Unit>
		<Unit filename="../../QGearsMain/test/test_QGearsManualObject.cpp">
			<Option target="Test_ManualObject" />
		</Unit>
		<Unit filename="../../QGearsMain/test/test_QGearsPFile.cpp">
			<Option target="Test_PFile" />
		</Unit>
		<Unit filename="../../QGearsMain/test/test_QGearsPFileSerializer.cpp">
			<Option target="Test_PFileSerializer" />
		</Unit>
		<Unit filename="../../QGearsMain/test/test_QGearsPaletteFileSerializer.cpp">
			<Option target="Test_PaletteFileSerializer" />
		</Unit>
		<Unit filename="../../QGearsMain/test/test_QGearsRSDSerializer.cpp">
			<Option target="Test_RSDFileSerializer" />
		</Unit>
		<Unit filename="../../QGearsMain/test/test_QGearsRingBuffer.cpp">
			<Option target="Test_RingBuffer" />
		</Unit>
		<Unit filename="../common/FileSystem.cpp" />
		<Unit filename="../common/FileSystem.h" />
		<Unit filename="../common/Logger.cpp" />
		<Unit filename="../common/Logger.h" />
		<Unit filename="../common/OgreBase.cpp" />
		<Unit filename="../common/OgreBase.h" />
		<Unit filename="src/main.cpp">
			<Option target="Release" />
		</Unit>
		<Extensions>
			<code_completion />
			<envvars />
			<debugger />
			<lib_finder disable_auto="1" />
			<DoxyBlocks>
				<comment_style block="0" line="0" />
				<doxyfile_project />
				<doxyfile_build />
				<doxyfile_warnings />
				<doxyfile_output />
				<doxyfile_dot />
				<general />
			</DoxyBlocks>
		</Extensions>
	</Project>
</CodeBlocks_project_file>
