<?xml version="1.0" encoding="UTF-8" standalone="yes" ?>
<CodeBlocks_project_file>
	<FileVersion major="1" minor="6" />
	<Project>
		<Option title="ffvii_sound_dumper_psf_l" />
		<Option pch_mode="2" />
		<Option compiler="gcc" />
		<Build>
			<Target title="Debug">
				<Option output="output/ffvii_sound_dumper_psf_d" prefix_auto="1" extension_auto="1" />
				<Option working_dir="output" />
				<Option object_output="obj/Debug/" />
				<Option type="1" />
				<Option compiler="gcc" />
				<Option parameters="game" />
				<Compiler>
					<Add option="-g" />
				</Compiler>
			</Target>
			<Target title="Release">
				<Option output="output/ffvii_sound_dumper_psf_r" prefix_auto="1" extension_auto="1" />
				<Option working_dir="output" />
				<Option object_output="obj/Release/" />
				<Option type="1" />
				<Option compiler="gcc" />
				<Option parameters="game" />
				<Compiler>
					<Add option="-O2" />
				</Compiler>
				<Linker>
					<Add option="-s" />
				</Linker>
			</Target>
		</Build>
		<Compiler>
			<Add option="-Wall" />
			<Add option="-fexceptions" />
			<Add directory="src/libupse" />
		</Compiler>
		<Linker>
			<Add library="boost_system" />
			<Add library="boost_filesystem" />
			<Add library="z" />
			<Add library="vorbis" />
			<Add library="vorbisenc" />
			<Add library="tinyxml" />
		</Linker>
		<Unit filename="src/libupse/config.h" />
		<Unit filename="src/libupse/upse-debug.h" />
		<Unit filename="src/libupse/upse-internal.h" />
		<Unit filename="src/libupse/upse-ps1-bios-base.h" />
		<Unit filename="src/libupse/upse-ps1-bios-private.h" />
		<Unit filename="src/libupse/upse-ps1-counters.h" />
		<Unit filename="src/libupse/upse-ps1-dma-manager.h" />
		<Unit filename="src/libupse/upse-ps1-executive.h" />
		<Unit filename="src/libupse/upse-ps1-hal.h" />
		<Unit filename="src/libupse/upse-ps1-memory-manager.h" />
		<Unit filename="src/libupse/upse-ps1-spu-abstract.h" />
		<Unit filename="src/libupse/upse-ps1-spu-adsr-filter.h" />
		<Unit filename="src/libupse/upse-ps1-spu-base.h" />
		<Unit filename="src/libupse/upse-ps1-spu-dma-handler.h" />
		<Unit filename="src/libupse/upse-ps1-spu-register-io.h" />
		<Unit filename="src/libupse/upse-ps1-spu-reverb.h" />
		<Unit filename="src/libupse/upse-r3000-abstract.h" />
		<Unit filename="src/libupse/upse-spu-internal.h" />
		<Unit filename="src/libupse/upse-string.h" />
		<Unit filename="src/libupse/upse-types.h" />
		<Unit filename="src/libupse/upse.h" />
		<Unit filename="src/libupse/upse_bios_manager.c">
			<Option compilerVar="CC" />
		</Unit>
		<Unit filename="src/libupse/upse_ps1_bios_base.c">
			<Option compilerVar="CC" />
		</Unit>
		<Unit filename="src/libupse/upse_ps1_counters.c">
			<Option compilerVar="CC" />
		</Unit>
		<Unit filename="src/libupse/upse_ps1_dma_manager.c">
			<Option compilerVar="CC" />
		</Unit>
		<Unit filename="src/libupse/upse_ps1_executive.c">
			<Option compilerVar="CC" />
		</Unit>
		<Unit filename="src/libupse/upse_ps1_hal.c">
			<Option compilerVar="CC" />
		</Unit>
		<Unit filename="src/libupse/upse_ps1_memory_manager.c">
			<Option compilerVar="CC" />
		</Unit>
		<Unit filename="src/libupse/upse_ps1_spu_adsr_filter.c">
			<Option compilerVar="CC" />
		</Unit>
		<Unit filename="src/libupse/upse_ps1_spu_base.c">
			<Option compilerVar="CC" />
		</Unit>
		<Unit filename="src/libupse/upse_ps1_spu_dma_handler.c">
			<Option compilerVar="CC" />
		</Unit>
		<Unit filename="src/libupse/upse_ps1_spu_register_io.c">
			<Option compilerVar="CC" />
		</Unit>
		<Unit filename="src/libupse/upse_ps1_spu_reverb.c">
			<Option compilerVar="CC" />
		</Unit>
		<Unit filename="src/libupse/upse_r3000_abstract.c">
			<Option compilerVar="CC" />
		</Unit>
		<Unit filename="src/libupse/upse_r3000_bytecode_evaluator.c">
			<Option compilerVar="CC" />
		</Unit>
		<Unit filename="src/libupse/upse_string.c">
			<Option compilerVar="CC" />
		</Unit>
		<Unit filename="src/libupse/upse_unpack_psf.c">
			<Option compilerVar="CC" />
		</Unit>
		<Unit filename="src/libupse/upse_util.c">
			<Option compilerVar="CC" />
		</Unit>
		<Unit filename="src/main.cc" />
		<Unit filename="src/typedefs.h" />
		<Unit filename="src/walkthrough.cc" />
		<Unit filename="src/walkthrough.hh" />
		<Extensions>
			<code_completion />
			<envvars />
			<debugger />
			<lib_finder disable_auto="1" />
		</Extensions>
	</Project>
</CodeBlocks_project_file>
