<?xml version="1.0" encoding="UTF-8" standalone="yes" ?>
<CodeBlocks_project_file>
	<FileVersion major="1" minor="6" />
	<Project>
		<Option title="lzs" />
		<Option pch_mode="2" />
		<Option compiler="gcc" />
		<Build>
			<Target title="Debug">
				<Option output="../../../output/tools/lzs_d" prefix_auto="1" extension_auto="1" />
				<Option working_dir="$(TARGET_OUTPUT_DIR)" />
				<Option object_output="obj/Debug/" />
				<Option type="1" />
				<Option compiler="gcc" />
				<Compiler>
					<Add option="-g" />
				</Compiler>
				<Linker>
					<Add library="OgreMain_d" />
					<Add library="boost_system-mgw47-mt-d-1_54" />
					<Add library="boost_filesystem-mgw47-mt-d-1_54" />
					<Add library="boost_program_options-mgw47-mt-d-1_54" />
				</Linker>
			</Target>
			<Target title="Release">
				<Option output="../../../output/tools/lzs" prefix_auto="1" extension_auto="1" />
				<Option working_dir="$(TARGET_OUTPUT_DIR)" />
				<Option object_output="obj/Release/" />
				<Option type="1" />
				<Option compiler="gcc" />
				<Compiler>
					<Add option="-O2" />
				</Compiler>
				<Linker>
					<Add option="-s" />
					<Add library="OgreMain" />
					<Add library="boost_system-mgw47-mt-1_54" />
					<Add library="boost_filesystem-mgw47-mt-1_54" />
					<Add library="boost_program_options-mgw47-mt-1_54" />
				</Linker>
			</Target>
		</Build>
		<Compiler>
			<Add option="-Wall" />
			<Add option="-fexceptions" />
			<Add directory="$(BOOST_HOME)" />
			<Add directory="$(OGRE_HOME)/include/Ogre" />
			<Add directory="../../../utilites" />
		</Compiler>
		<Linker>
			<Add directory="$(BOOST_HOME)/stage/lib" />
			<Add directory="$(OGRE_HOME)/lib" />
		</Linker>
		<Unit filename="../../../utilites/common/File.cpp" />
		<Unit filename="../../../utilites/common/File.h" />
		<Unit filename="../../../utilites/common/FileSystem.cpp" />
		<Unit filename="../../../utilites/common/FileSystem.h" />
		<Unit filename="../../../utilites/common/Logger.cpp" />
		<Unit filename="../../../utilites/common/Logger.h" />
		<Unit filename="../../../utilites/common/LzsFile.cpp" />
		<Unit filename="../../../utilites/common/LzsFile.h" />
		<Unit filename="../../../utilites/common/TypeDefine.h" />
		<Unit filename="lzs.cpp" />
		<Extensions>
			<code_completion />
			<envvars />
			<debugger />
			<lib_finder disable_auto="1" />
		</Extensions>
	</Project>
</CodeBlocks_project_file>
